// !$*UTF8*$!
{
	archiveVersion = 1;
	classes = {
	};
	objectVersion = 56;
	objects = {

/* Begin PBXBuildFile section */
		09042BC92C84465B00A7A53D /* StockViewModel.swift in Sources */ = {isa = PBXBuildFile; fileRef = 09042BC82C84465B00A7A53D /* StockViewModel.swift */; };
		09042BCB2C84466200A7A53D /* StockViewController.swift in Sources */ = {isa = PBXBuildFile; fileRef = 09042BCA2C84466100A7A53D /* StockViewController.swift */; };
		09042BCF2C84775900A7A53D /* NumberFormatterManager.swift in Sources */ = {isa = PBXBuildFile; fileRef = 09042BCE2C84775900A7A53D /* NumberFormatterManager.swift */; };
		0906E9232BAC60630098DF1A /* ColorStyle.swift in Sources */ = {isa = PBXBuildFile; fileRef = 0906E9222BAC60630098DF1A /* ColorStyle.swift */; };
		0906E9252BAC606A0098DF1A /* FontStyle.swift in Sources */ = {isa = PBXBuildFile; fileRef = 0906E9242BAC606A0098DF1A /* FontStyle.swift */; };
		0906E9272BAC608D0098DF1A /* UIColor+Extension.swift in Sources */ = {isa = PBXBuildFile; fileRef = 0906E9262BAC608D0098DF1A /* UIColor+Extension.swift */; };
		0906E9292BAC611C0098DF1A /* CustomLabel.swift in Sources */ = {isa = PBXBuildFile; fileRef = 0906E9282BAC611C0098DF1A /* CustomLabel.swift */; };
		0906E92B2BAC88970098DF1A /* ImageStyle.swift in Sources */ = {isa = PBXBuildFile; fileRef = 0906E92A2BAC88970098DF1A /* ImageStyle.swift */; };
		0906E9312BAD6D020098DF1A /* Lottie in Frameworks */ = {isa = PBXBuildFile; productRef = 0906E9302BAD6D020098DF1A /* Lottie */; };
		0906E9382BAD7D220098DF1A /* congratulation.json in Resources */ = {isa = PBXBuildFile; fileRef = 0906E9372BAD7D220098DF1A /* congratulation.json */; };
		0906E9402BADADA80098DF1A /* LogoView.swift in Sources */ = {isa = PBXBuildFile; fileRef = 0906E93F2BADADA80098DF1A /* LogoView.swift */; };
		0906E9442BADB6D60098DF1A /* UISheetPresentationController.Detent+Extension.swift in Sources */ = {isa = PBXBuildFile; fileRef = 0906E9432BADB6D60098DF1A /* UISheetPresentationController.Detent+Extension.swift */; };
		0906E9562BADCA490098DF1A /* splash.json in Resources */ = {isa = PBXBuildFile; fileRef = 0906E9552BADCA490098DF1A /* splash.json */; };
		0906E9582BADCF280098DF1A /* SplashView.swift in Sources */ = {isa = PBXBuildFile; fileRef = 0906E9572BADCF280098DF1A /* SplashView.swift */; };
		093289662BF22BB900C8F52E /* AlertManager.swift in Sources */ = {isa = PBXBuildFile; fileRef = 093289652BF22BB900C8F52E /* AlertManager.swift */; };
		093289682BF22C5300C8F52E /* ImageDocumentManager.swift in Sources */ = {isa = PBXBuildFile; fileRef = 093289672BF22C5300C8F52E /* ImageDocumentManager.swift */; };
		094BE9D02BB40D1400342DC3 /* NotificationManager.swift in Sources */ = {isa = PBXBuildFile; fileRef = 094BE9CF2BB40D1400342DC3 /* NotificationManager.swift */; };
		094BE9E92BB5275B00342DC3 /* GoogleService-Info.plist in Resources */ = {isa = PBXBuildFile; fileRef = 094BE9E82BB5275B00342DC3 /* GoogleService-Info.plist */; };
		094BE9EC2BB5281800342DC3 /* FirebaseAnalyticsWithoutAdIdSupport in Frameworks */ = {isa = PBXBuildFile; productRef = 094BE9EB2BB5281800342DC3 /* FirebaseAnalyticsWithoutAdIdSupport */; };
		094BE9EE2BB5281800342DC3 /* FirebaseCrashlytics in Frameworks */ = {isa = PBXBuildFile; productRef = 094BE9ED2BB5281800342DC3 /* FirebaseCrashlytics */; };
		094BE9F02BB5281800342DC3 /* FirebaseMLModelDownloader in Frameworks */ = {isa = PBXBuildFile; productRef = 094BE9EF2BB5281800342DC3 /* FirebaseMLModelDownloader */; };
		094BE9F22BB5281800342DC3 /* FirebaseMessaging in Frameworks */ = {isa = PBXBuildFile; productRef = 094BE9F12BB5281800342DC3 /* FirebaseMessaging */; };
		094BE9F42BB5281800342DC3 /* FirebasePerformance in Frameworks */ = {isa = PBXBuildFile; productRef = 094BE9F32BB5281800342DC3 /* FirebasePerformance */; };
		094BE9F62BB5281800342DC3 /* FirebaseRemoteConfig in Frameworks */ = {isa = PBXBuildFile; productRef = 094BE9F52BB5281800342DC3 /* FirebaseRemoteConfig */; };
		094BE9F82BB5281800342DC3 /* FirebaseRemoteConfigSwift in Frameworks */ = {isa = PBXBuildFile; productRef = 094BE9F72BB5281800342DC3 /* FirebaseRemoteConfigSwift */; };
		094BE9FA2BB5281800342DC3 /* FirebaseStorage in Frameworks */ = {isa = PBXBuildFile; productRef = 094BE9F92BB5281800342DC3 /* FirebaseStorage */; };
		094BE9FC2BB5281800342DC3 /* FirebaseStorageCombine-Community in Frameworks */ = {isa = PBXBuildFile; productRef = 094BE9FB2BB5281800342DC3 /* FirebaseStorageCombine-Community */; };
		09833BB42B9983AC0081E37E /* AppDelegate.swift in Sources */ = {isa = PBXBuildFile; fileRef = 09833BB32B9983AC0081E37E /* AppDelegate.swift */; };
		09833BB62B9983AC0081E37E /* SceneDelegate.swift in Sources */ = {isa = PBXBuildFile; fileRef = 09833BB52B9983AC0081E37E /* SceneDelegate.swift */; };
		09833BB82B9983AC0081E37E /* ViewController.swift in Sources */ = {isa = PBXBuildFile; fileRef = 09833BB72B9983AC0081E37E /* ViewController.swift */; };
		09833BBB2B9983AC0081E37E /* Main.storyboard in Resources */ = {isa = PBXBuildFile; fileRef = 09833BB92B9983AC0081E37E /* Main.storyboard */; };
		09833BBD2B9983AE0081E37E /* Assets.xcassets in Resources */ = {isa = PBXBuildFile; fileRef = 09833BBC2B9983AE0081E37E /* Assets.xcassets */; };
		09833BC02B9983AE0081E37E /* LaunchScreen.storyboard in Resources */ = {isa = PBXBuildFile; fileRef = 09833BBE2B9983AE0081E37E /* LaunchScreen.storyboard */; };
		09833BC82B9986020081E37E /* .gitignore in Resources */ = {isa = PBXBuildFile; fileRef = 09833BC72B9986020081E37E /* .gitignore */; };
		09833BD62B99A0390081E37E /* DGCharts in Frameworks */ = {isa = PBXBuildFile; productRef = 09833BD52B99A0390081E37E /* DGCharts */; };
		09833BD92B99A0420081E37E /* SnapKit in Frameworks */ = {isa = PBXBuildFile; productRef = 09833BD82B99A0420081E37E /* SnapKit */; };
		09833BDC2B99A04A0081E37E /* Kingfisher in Frameworks */ = {isa = PBXBuildFile; productRef = 09833BDB2B99A04A0081E37E /* Kingfisher */; };
		09833BDF2B99A0520081E37E /* Toast in Frameworks */ = {isa = PBXBuildFile; productRef = 09833BDE2B99A0520081E37E /* Toast */; };
		09833BE22B99A05D0081E37E /* Alamofire in Frameworks */ = {isa = PBXBuildFile; productRef = 09833BE12B99A05D0081E37E /* Alamofire */; };
		09833BE52B99A09D0081E37E /* Realm in Frameworks */ = {isa = PBXBuildFile; productRef = 09833BE42B99A09D0081E37E /* Realm */; };
		09833BE72B99A09D0081E37E /* RealmSwift in Frameworks */ = {isa = PBXBuildFile; productRef = 09833BE62B99A09D0081E37E /* RealmSwift */; };
		09833BEA2B99A0A90081E37E /* FSCalendar in Frameworks */ = {isa = PBXBuildFile; productRef = 09833BE92B99A0A90081E37E /* FSCalendar */; };
		09833BF42B99A29B0081E37E /* BaseViewController.swift in Sources */ = {isa = PBXBuildFile; fileRef = 09833BF32B99A29B0081E37E /* BaseViewController.swift */; };
		09833BF62B99A2E70081E37E /* BaseCollectionViewCell.swift in Sources */ = {isa = PBXBuildFile; fileRef = 09833BF52B99A2E70081E37E /* BaseCollectionViewCell.swift */; };
		09833BF82B99A31D0081E37E /* BaseTableViewCell.swift in Sources */ = {isa = PBXBuildFile; fileRef = 09833BF72B99A31D0081E37E /* BaseTableViewCell.swift */; };
		09833BFA2B99A3640081E37E /* BaseView.swift in Sources */ = {isa = PBXBuildFile; fileRef = 09833BF92B99A3640081E37E /* BaseView.swift */; };
		09833C002B99A4A80081E37E /* SearchViewController.swift in Sources */ = {isa = PBXBuildFile; fileRef = 09833BFF2B99A4A80081E37E /* SearchViewController.swift */; };
		09833C062B99AAA80081E37E /* UIView+Extension.swift in Sources */ = {isa = PBXBuildFile; fileRef = 09833C052B99AAA80081E37E /* UIView+Extension.swift */; };
		09833C092B99B28D0081E37E /* APIKey.swift in Sources */ = {isa = PBXBuildFile; fileRef = 09833C082B99B28D0081E37E /* APIKey.swift */; };
		09833C0B2B99B2F40081E37E /* APIService.swift in Sources */ = {isa = PBXBuildFile; fileRef = 09833C0A2B99B2F40081E37E /* APIService.swift */; };
		09833C0D2B99B3BC0081E37E /* Supplement.swift in Sources */ = {isa = PBXBuildFile; fileRef = 09833C0C2B99B3BC0081E37E /* Supplement.swift */; };
		09833C0F2B99BD020081E37E /* SupplementAPI.swift in Sources */ = {isa = PBXBuildFile; fileRef = 09833C0E2B99BD020081E37E /* SupplementAPI.swift */; };
		09833C112B99C2740081E37E /* SearchViewModel.swift in Sources */ = {isa = PBXBuildFile; fileRef = 09833C102B99C2740081E37E /* SearchViewModel.swift */; };
		09833C132B99C3080081E37E /* Observable.swift in Sources */ = {isa = PBXBuildFile; fileRef = 09833C122B99C3080081E37E /* Observable.swift */; };
		09911F642B9A0BC50093009D /* SearchResultTableViewCell.swift in Sources */ = {isa = PBXBuildFile; fileRef = 09911F632B9A0BC50093009D /* SearchResultTableViewCell.swift */; };
		09911F662B9A0D1A0093009D /* SearchManger.swift in Sources */ = {isa = PBXBuildFile; fileRef = 09911F652B9A0D190093009D /* SearchManger.swift */; };
		09ABD4352BA18E9700826A73 /* CalendarViewModel.swift in Sources */ = {isa = PBXBuildFile; fileRef = 09ABD4342BA18E9700826A73 /* CalendarViewModel.swift */; };
		09ABD43A2BA45CAB00826A73 /* ImageCollectionViewCell.swift in Sources */ = {isa = PBXBuildFile; fileRef = 09ABD4392BA45CAB00826A73 /* ImageCollectionViewCell.swift */; };
		09ABD43D2BA45E8500826A73 /* ImageTypeSelectViewController.swift in Sources */ = {isa = PBXBuildFile; fileRef = 09ABD43C2BA45E8400826A73 /* ImageTypeSelectViewController.swift */; };
		09ABD43F2BA460D800826A73 /* ImageTypeSelectTableViewCell.swift in Sources */ = {isa = PBXBuildFile; fileRef = 09ABD43E2BA460D800826A73 /* ImageTypeSelectTableViewCell.swift */; };
		09ABD4412BA4715800826A73 /* ImageTypeSelectViewModel.swift in Sources */ = {isa = PBXBuildFile; fileRef = 09ABD4402BA4715800826A73 /* ImageTypeSelectViewModel.swift */; };
		09ABD4452BA4A3AB00826A73 /* ScheduleTableViewCell.swift in Sources */ = {isa = PBXBuildFile; fileRef = 09ABD4442BA4A3AB00826A73 /* ScheduleTableViewCell.swift */; };
		09ABD4482BA5654C00826A73 /* MyViewController.swift in Sources */ = {isa = PBXBuildFile; fileRef = 09ABD4472BA5654C00826A73 /* MyViewController.swift */; };
		09ABD44C2BA57D0500826A73 /* MyViewModel.swift in Sources */ = {isa = PBXBuildFile; fileRef = 09ABD44B2BA57D0500826A73 /* MyViewModel.swift */; };
		09ABD4502BA587D900826A73 /* MyCollectionViewCell.swift in Sources */ = {isa = PBXBuildFile; fileRef = 09ABD44F2BA587D900826A73 /* MyCollectionViewCell.swift */; };
		09ABD4592BA5EFE800826A73 /* MySupplements.swift in Sources */ = {isa = PBXBuildFile; fileRef = 09ABD4582BA5EFE800826A73 /* MySupplements.swift */; };
		09ABD45E2BA71A7400826A73 /* CustomChartView.swift in Sources */ = {isa = PBXBuildFile; fileRef = 09ABD45D2BA71A7400826A73 /* CustomChartView.swift */; };
		09ABD4652BA816BB00826A73 /* PeriodViewController.swift in Sources */ = {isa = PBXBuildFile; fileRef = 09ABD4642BA816BB00826A73 /* PeriodViewController.swift */; };
		09ABD4692BA819A000826A73 /* PeriodViewModel.swift in Sources */ = {isa = PBXBuildFile; fileRef = 09ABD4682BA819A000826A73 /* PeriodViewModel.swift */; };
		09ABD46B2BA8845600826A73 /* UITextField+Extension.swift in Sources */ = {isa = PBXBuildFile; fileRef = 09ABD46A2BA8845600826A73 /* UITextField+Extension.swift */; };
		09ABD46D2BA8919400826A73 /* UIButton.Configuration+Extension.swift in Sources */ = {isa = PBXBuildFile; fileRef = 09ABD46C2BA8919400826A73 /* UIButton.Configuration+Extension.swift */; };
		09ABD46F2BA8937800826A73 /* CommonCollectionViewCell.swift in Sources */ = {isa = PBXBuildFile; fileRef = 09ABD46E2BA8937800826A73 /* CommonCollectionViewCell.swift */; };
		09ABD4782BA997B400826A73 /* CalendarTableViewCell.swift in Sources */ = {isa = PBXBuildFile; fileRef = 09ABD4772BA997B400826A73 /* CalendarTableViewCell.swift */; };
		09ABD47A2BA998E900826A73 /* ChartTableViewCell.swift in Sources */ = {isa = PBXBuildFile; fileRef = 09ABD4792BA998E900826A73 /* ChartTableViewCell.swift */; };
		09ABD47C2BA9B56900826A73 /* EmptyTableViewCell.swift in Sources */ = {isa = PBXBuildFile; fileRef = 09ABD47B2BA9B56900826A73 /* EmptyTableViewCell.swift */; };
		09ABD47E2BA9BEAA00826A73 /* CustomCalendar.swift in Sources */ = {isa = PBXBuildFile; fileRef = 09ABD47D2BA9BEAA00826A73 /* CustomCalendar.swift */; };
		09ABD4802BA9C9D200826A73 /* ScheduleHeaderView.swift in Sources */ = {isa = PBXBuildFile; fileRef = 09ABD47F2BA9C9D200826A73 /* ScheduleHeaderView.swift */; };
		09ABD4822BA9D09000826A73 /* CustomTextField.swift in Sources */ = {isa = PBXBuildFile; fileRef = 09ABD4812BA9D09000826A73 /* CustomTextField.swift */; };
		09ABD4842BA9D1B300826A73 /* CustomImageView.swift in Sources */ = {isa = PBXBuildFile; fileRef = 09ABD4832BA9D1B300826A73 /* CustomImageView.swift */; };
		09C156E02B9B4E8E0008F86E /* BaseCollectionReusableView.swift in Sources */ = {isa = PBXBuildFile; fileRef = 09C156DF2B9B4E8E0008F86E /* BaseCollectionReusableView.swift */; };
		09C156F52B9B93790008F86E /* AddViewController.swift in Sources */ = {isa = PBXBuildFile; fileRef = 09C156F42B9B93790008F86E /* AddViewController.swift */; };
		09C156F72B9C2C5D0008F86E /* AddViewModel.swift in Sources */ = {isa = PBXBuildFile; fileRef = 09C156F62B9C2C5D0008F86E /* AddViewModel.swift */; };
		09C156F92B9C2F360008F86E /* TimeViewController.swift in Sources */ = {isa = PBXBuildFile; fileRef = 09C156F82B9C2F360008F86E /* TimeViewController.swift */; };
		09C156FB2B9C49000008F86E /* TimeTableViewCell.swift in Sources */ = {isa = PBXBuildFile; fileRef = 09C156FA2B9C49000008F86E /* TimeTableViewCell.swift */; };
		09C156FF2B9C50E50008F86E /* TimePickerViewController.swift in Sources */ = {isa = PBXBuildFile; fileRef = 09C156FE2B9C50E50008F86E /* TimePickerViewController.swift */; };
		09C157012B9C577D0008F86E /* TimeViewModel.swift in Sources */ = {isa = PBXBuildFile; fileRef = 09C157002B9C577D0008F86E /* TimeViewModel.swift */; };
		09C157032B9C584A0008F86E /* DateFormatterManager.swift in Sources */ = {isa = PBXBuildFile; fileRef = 09C157022B9C584A0008F86E /* DateFormatterManager.swift */; };
		09C157052B9C78C10008F86E /* StartDayViewController.swift in Sources */ = {isa = PBXBuildFile; fileRef = 09C157042B9C78C10008F86E /* StartDayViewController.swift */; };
		09C739CF2B9DD1F800B200DE /* CycleViewController.swift in Sources */ = {isa = PBXBuildFile; fileRef = 09C739CE2B9DD1F800B200DE /* CycleViewController.swift */; };
		09C739D12B9DD3D600B200DE /* CycleCollectionViewCell.swift in Sources */ = {isa = PBXBuildFile; fileRef = 09C739D02B9DD3D600B200DE /* CycleCollectionViewCell.swift */; };
		09C739D32B9DD5FA00B200DE /* CycleViewModel.swift in Sources */ = {isa = PBXBuildFile; fileRef = 09C739D22B9DD5FA00B200DE /* CycleViewModel.swift */; };
		09C739D92B9DFAC900B200DE /* StartDayViewModel.swift in Sources */ = {isa = PBXBuildFile; fileRef = 09C739D82B9DFAC900B200DE /* StartDayViewModel.swift */; };
		09C739DD2B9E058900B200DE /* TimePickerViewModel.swift in Sources */ = {isa = PBXBuildFile; fileRef = 09C739DC2B9E058900B200DE /* TimePickerViewModel.swift */; };
		09C739E22B9ED52F00B200DE /* CalendarViewController.swift in Sources */ = {isa = PBXBuildFile; fileRef = 09C739E12B9ED52F00B200DE /* CalendarViewController.swift */; };
		09C739E42B9F0DC900B200DE /* NameCollectionViewCell.swift in Sources */ = {isa = PBXBuildFile; fileRef = 09C739E32B9F0DC900B200DE /* NameCollectionViewCell.swift */; };
		09C739E62B9F13EA00B200DE /* AmountCollectionViewCell.swift in Sources */ = {isa = PBXBuildFile; fileRef = 09C739E52B9F13EA00B200DE /* AmountCollectionViewCell.swift */; };
		09C739F82BA049F300B200DE /* SupplementRepository.swift in Sources */ = {isa = PBXBuildFile; fileRef = 09C739F72BA049F300B200DE /* SupplementRepository.swift */; };
		09C739FC2BA04B7800B200DE /* MySupplement.swift in Sources */ = {isa = PBXBuildFile; fileRef = 09C739FB2BA04B7800B200DE /* MySupplement.swift */; };
		09EB7A6E2C4B8020001E0470 /* Dictionary+Extension.swift in Sources */ = {isa = PBXBuildFile; fileRef = 09EB7A6D2C4B8020001E0470 /* Dictionary+Extension.swift */; };
		09EB7A702C4B9057001E0470 /* ToastManager.swift in Sources */ = {isa = PBXBuildFile; fileRef = 09EB7A6F2C4B9057001E0470 /* ToastManager.swift */; };
		09EB7AB22C4E20D7001E0470 /* Notification.Name+Extension.swift in Sources */ = {isa = PBXBuildFile; fileRef = 09EB7AB12C4E20D7001E0470 /* Notification.Name+Extension.swift */; };
/* End PBXBuildFile section */

/* Begin PBXFileReference section */
		09042BC82C84465B00A7A53D /* StockViewModel.swift */ = {isa = PBXFileReference; lastKnownFileType = sourcecode.swift; path = StockViewModel.swift; sourceTree = "<group>"; };
		09042BCA2C84466100A7A53D /* StockViewController.swift */ = {isa = PBXFileReference; lastKnownFileType = sourcecode.swift; path = StockViewController.swift; sourceTree = "<group>"; };
		09042BCE2C84775900A7A53D /* NumberFormatterManager.swift */ = {isa = PBXFileReference; lastKnownFileType = sourcecode.swift; path = NumberFormatterManager.swift; sourceTree = "<group>"; };
		0906E9222BAC60630098DF1A /* ColorStyle.swift */ = {isa = PBXFileReference; lastKnownFileType = sourcecode.swift; path = ColorStyle.swift; sourceTree = "<group>"; };
		0906E9242BAC606A0098DF1A /* FontStyle.swift */ = {isa = PBXFileReference; lastKnownFileType = sourcecode.swift; path = FontStyle.swift; sourceTree = "<group>"; };
		0906E9262BAC608D0098DF1A /* UIColor+Extension.swift */ = {isa = PBXFileReference; lastKnownFileType = sourcecode.swift; path = "UIColor+Extension.swift"; sourceTree = "<group>"; };
		0906E9282BAC611C0098DF1A /* CustomLabel.swift */ = {isa = PBXFileReference; lastKnownFileType = sourcecode.swift; path = CustomLabel.swift; sourceTree = "<group>"; };
		0906E92A2BAC88970098DF1A /* ImageStyle.swift */ = {isa = PBXFileReference; lastKnownFileType = sourcecode.swift; path = ImageStyle.swift; sourceTree = "<group>"; };
		0906E9372BAD7D220098DF1A /* congratulation.json */ = {isa = PBXFileReference; fileEncoding = 4; lastKnownFileType = text.json; path = congratulation.json; sourceTree = "<group>"; };
		0906E93F2BADADA80098DF1A /* LogoView.swift */ = {isa = PBXFileReference; lastKnownFileType = sourcecode.swift; path = LogoView.swift; sourceTree = "<group>"; };
		0906E9432BADB6D60098DF1A /* UISheetPresentationController.Detent+Extension.swift */ = {isa = PBXFileReference; lastKnownFileType = sourcecode.swift; path = "UISheetPresentationController.Detent+Extension.swift"; sourceTree = "<group>"; };
		0906E9552BADCA490098DF1A /* splash.json */ = {isa = PBXFileReference; fileEncoding = 4; lastKnownFileType = text.json; path = splash.json; sourceTree = "<group>"; };
		0906E9572BADCF280098DF1A /* SplashView.swift */ = {isa = PBXFileReference; lastKnownFileType = sourcecode.swift; path = SplashView.swift; sourceTree = "<group>"; };
		093289652BF22BB900C8F52E /* AlertManager.swift */ = {isa = PBXFileReference; lastKnownFileType = sourcecode.swift; path = AlertManager.swift; sourceTree = "<group>"; };
		093289672BF22C5300C8F52E /* ImageDocumentManager.swift */ = {isa = PBXFileReference; lastKnownFileType = sourcecode.swift; path = ImageDocumentManager.swift; sourceTree = "<group>"; };
		094BE9CF2BB40D1400342DC3 /* NotificationManager.swift */ = {isa = PBXFileReference; lastKnownFileType = sourcecode.swift; path = NotificationManager.swift; sourceTree = "<group>"; };
		094BE9E82BB5275B00342DC3 /* GoogleService-Info.plist */ = {isa = PBXFileReference; fileEncoding = 4; lastKnownFileType = text.plist.xml; path = "GoogleService-Info.plist"; sourceTree = "<group>"; };
		09833BB02B9983AC0081E37E /* Yakssok.app */ = {isa = PBXFileReference; explicitFileType = wrapper.application; includeInIndex = 0; path = Yakssok.app; sourceTree = BUILT_PRODUCTS_DIR; };
		09833BB32B9983AC0081E37E /* AppDelegate.swift */ = {isa = PBXFileReference; lastKnownFileType = sourcecode.swift; path = AppDelegate.swift; sourceTree = "<group>"; };
		09833BB52B9983AC0081E37E /* SceneDelegate.swift */ = {isa = PBXFileReference; lastKnownFileType = sourcecode.swift; path = SceneDelegate.swift; sourceTree = "<group>"; };
		09833BB72B9983AC0081E37E /* ViewController.swift */ = {isa = PBXFileReference; lastKnownFileType = sourcecode.swift; path = ViewController.swift; sourceTree = "<group>"; };
		09833BBA2B9983AC0081E37E /* Base */ = {isa = PBXFileReference; lastKnownFileType = file.storyboard; name = Base; path = Base.lproj/Main.storyboard; sourceTree = "<group>"; };
		09833BBC2B9983AE0081E37E /* Assets.xcassets */ = {isa = PBXFileReference; lastKnownFileType = folder.assetcatalog; path = Assets.xcassets; sourceTree = "<group>"; };
		09833BBF2B9983AE0081E37E /* Base */ = {isa = PBXFileReference; lastKnownFileType = file.storyboard; name = Base; path = Base.lproj/LaunchScreen.storyboard; sourceTree = "<group>"; };
		09833BC12B9983AE0081E37E /* Info.plist */ = {isa = PBXFileReference; lastKnownFileType = text.plist.xml; path = Info.plist; sourceTree = "<group>"; };
		09833BC72B9986020081E37E /* .gitignore */ = {isa = PBXFileReference; lastKnownFileType = text; path = .gitignore; sourceTree = "<group>"; };
		09833BF32B99A29B0081E37E /* BaseViewController.swift */ = {isa = PBXFileReference; lastKnownFileType = sourcecode.swift; path = BaseViewController.swift; sourceTree = "<group>"; };
		09833BF52B99A2E70081E37E /* BaseCollectionViewCell.swift */ = {isa = PBXFileReference; lastKnownFileType = sourcecode.swift; path = BaseCollectionViewCell.swift; sourceTree = "<group>"; };
		09833BF72B99A31D0081E37E /* BaseTableViewCell.swift */ = {isa = PBXFileReference; lastKnownFileType = sourcecode.swift; path = BaseTableViewCell.swift; sourceTree = "<group>"; };
		09833BF92B99A3640081E37E /* BaseView.swift */ = {isa = PBXFileReference; lastKnownFileType = sourcecode.swift; path = BaseView.swift; sourceTree = "<group>"; };
		09833BFF2B99A4A80081E37E /* SearchViewController.swift */ = {isa = PBXFileReference; lastKnownFileType = sourcecode.swift; path = SearchViewController.swift; sourceTree = "<group>"; };
		09833C052B99AAA80081E37E /* UIView+Extension.swift */ = {isa = PBXFileReference; lastKnownFileType = sourcecode.swift; path = "UIView+Extension.swift"; sourceTree = "<group>"; };
		09833C082B99B28D0081E37E /* APIKey.swift */ = {isa = PBXFileReference; lastKnownFileType = sourcecode.swift; path = APIKey.swift; sourceTree = "<group>"; };
		09833C0A2B99B2F40081E37E /* APIService.swift */ = {isa = PBXFileReference; lastKnownFileType = sourcecode.swift; path = APIService.swift; sourceTree = "<group>"; };
		09833C0C2B99B3BC0081E37E /* Supplement.swift */ = {isa = PBXFileReference; lastKnownFileType = sourcecode.swift; path = Supplement.swift; sourceTree = "<group>"; };
		09833C0E2B99BD020081E37E /* SupplementAPI.swift */ = {isa = PBXFileReference; lastKnownFileType = sourcecode.swift; path = SupplementAPI.swift; sourceTree = "<group>"; };
		09833C102B99C2740081E37E /* SearchViewModel.swift */ = {isa = PBXFileReference; lastKnownFileType = sourcecode.swift; path = SearchViewModel.swift; sourceTree = "<group>"; };
		09833C122B99C3080081E37E /* Observable.swift */ = {isa = PBXFileReference; lastKnownFileType = sourcecode.swift; path = Observable.swift; sourceTree = "<group>"; };
		09911F632B9A0BC50093009D /* SearchResultTableViewCell.swift */ = {isa = PBXFileReference; lastKnownFileType = sourcecode.swift; path = SearchResultTableViewCell.swift; sourceTree = "<group>"; };
		09911F652B9A0D190093009D /* SearchManger.swift */ = {isa = PBXFileReference; lastKnownFileType = sourcecode.swift; path = SearchManger.swift; sourceTree = "<group>"; };
		09ABD4342BA18E9700826A73 /* CalendarViewModel.swift */ = {isa = PBXFileReference; lastKnownFileType = sourcecode.swift; path = CalendarViewModel.swift; sourceTree = "<group>"; };
		09ABD4392BA45CAB00826A73 /* ImageCollectionViewCell.swift */ = {isa = PBXFileReference; lastKnownFileType = sourcecode.swift; path = ImageCollectionViewCell.swift; sourceTree = "<group>"; };
		09ABD43C2BA45E8400826A73 /* ImageTypeSelectViewController.swift */ = {isa = PBXFileReference; lastKnownFileType = sourcecode.swift; path = ImageTypeSelectViewController.swift; sourceTree = "<group>"; };
		09ABD43E2BA460D800826A73 /* ImageTypeSelectTableViewCell.swift */ = {isa = PBXFileReference; lastKnownFileType = sourcecode.swift; path = ImageTypeSelectTableViewCell.swift; sourceTree = "<group>"; };
		09ABD4402BA4715800826A73 /* ImageTypeSelectViewModel.swift */ = {isa = PBXFileReference; lastKnownFileType = sourcecode.swift; path = ImageTypeSelectViewModel.swift; sourceTree = "<group>"; };
		09ABD4442BA4A3AB00826A73 /* ScheduleTableViewCell.swift */ = {isa = PBXFileReference; lastKnownFileType = sourcecode.swift; path = ScheduleTableViewCell.swift; sourceTree = "<group>"; };
		09ABD4472BA5654C00826A73 /* MyViewController.swift */ = {isa = PBXFileReference; lastKnownFileType = sourcecode.swift; path = MyViewController.swift; sourceTree = "<group>"; };
		09ABD44B2BA57D0500826A73 /* MyViewModel.swift */ = {isa = PBXFileReference; lastKnownFileType = sourcecode.swift; path = MyViewModel.swift; sourceTree = "<group>"; };
		09ABD44F2BA587D900826A73 /* MyCollectionViewCell.swift */ = {isa = PBXFileReference; lastKnownFileType = sourcecode.swift; path = MyCollectionViewCell.swift; sourceTree = "<group>"; };
		09ABD4582BA5EFE800826A73 /* MySupplements.swift */ = {isa = PBXFileReference; lastKnownFileType = sourcecode.swift; path = MySupplements.swift; sourceTree = "<group>"; };
		09ABD45D2BA71A7400826A73 /* CustomChartView.swift */ = {isa = PBXFileReference; lastKnownFileType = sourcecode.swift; path = CustomChartView.swift; sourceTree = "<group>"; };
		09ABD4642BA816BB00826A73 /* PeriodViewController.swift */ = {isa = PBXFileReference; lastKnownFileType = sourcecode.swift; path = PeriodViewController.swift; sourceTree = "<group>"; };
		09ABD4682BA819A000826A73 /* PeriodViewModel.swift */ = {isa = PBXFileReference; lastKnownFileType = sourcecode.swift; path = PeriodViewModel.swift; sourceTree = "<group>"; };
		09ABD46A2BA8845600826A73 /* UITextField+Extension.swift */ = {isa = PBXFileReference; lastKnownFileType = sourcecode.swift; path = "UITextField+Extension.swift"; sourceTree = "<group>"; };
		09ABD46C2BA8919400826A73 /* UIButton.Configuration+Extension.swift */ = {isa = PBXFileReference; lastKnownFileType = sourcecode.swift; path = "UIButton.Configuration+Extension.swift"; sourceTree = "<group>"; };
		09ABD46E2BA8937800826A73 /* CommonCollectionViewCell.swift */ = {isa = PBXFileReference; lastKnownFileType = sourcecode.swift; path = CommonCollectionViewCell.swift; sourceTree = "<group>"; };
		09ABD4772BA997B400826A73 /* CalendarTableViewCell.swift */ = {isa = PBXFileReference; lastKnownFileType = sourcecode.swift; path = CalendarTableViewCell.swift; sourceTree = "<group>"; };
		09ABD4792BA998E900826A73 /* ChartTableViewCell.swift */ = {isa = PBXFileReference; lastKnownFileType = sourcecode.swift; path = ChartTableViewCell.swift; sourceTree = "<group>"; };
		09ABD47B2BA9B56900826A73 /* EmptyTableViewCell.swift */ = {isa = PBXFileReference; lastKnownFileType = sourcecode.swift; path = EmptyTableViewCell.swift; sourceTree = "<group>"; };
		09ABD47D2BA9BEAA00826A73 /* CustomCalendar.swift */ = {isa = PBXFileReference; lastKnownFileType = sourcecode.swift; path = CustomCalendar.swift; sourceTree = "<group>"; };
		09ABD47F2BA9C9D200826A73 /* ScheduleHeaderView.swift */ = {isa = PBXFileReference; lastKnownFileType = sourcecode.swift; path = ScheduleHeaderView.swift; sourceTree = "<group>"; };
		09ABD4812BA9D09000826A73 /* CustomTextField.swift */ = {isa = PBXFileReference; lastKnownFileType = sourcecode.swift; path = CustomTextField.swift; sourceTree = "<group>"; };
		09ABD4832BA9D1B300826A73 /* CustomImageView.swift */ = {isa = PBXFileReference; lastKnownFileType = sourcecode.swift; path = CustomImageView.swift; sourceTree = "<group>"; };
		09C156DF2B9B4E8E0008F86E /* BaseCollectionReusableView.swift */ = {isa = PBXFileReference; lastKnownFileType = sourcecode.swift; path = BaseCollectionReusableView.swift; sourceTree = "<group>"; };
		09C156F42B9B93790008F86E /* AddViewController.swift */ = {isa = PBXFileReference; lastKnownFileType = sourcecode.swift; path = AddViewController.swift; sourceTree = "<group>"; };
		09C156F62B9C2C5D0008F86E /* AddViewModel.swift */ = {isa = PBXFileReference; lastKnownFileType = sourcecode.swift; path = AddViewModel.swift; sourceTree = "<group>"; };
		09C156F82B9C2F360008F86E /* TimeViewController.swift */ = {isa = PBXFileReference; lastKnownFileType = sourcecode.swift; path = TimeViewController.swift; sourceTree = "<group>"; };
		09C156FA2B9C49000008F86E /* TimeTableViewCell.swift */ = {isa = PBXFileReference; lastKnownFileType = sourcecode.swift; path = TimeTableViewCell.swift; sourceTree = "<group>"; };
		09C156FE2B9C50E50008F86E /* TimePickerViewController.swift */ = {isa = PBXFileReference; lastKnownFileType = sourcecode.swift; path = TimePickerViewController.swift; sourceTree = "<group>"; };
		09C157002B9C577D0008F86E /* TimeViewModel.swift */ = {isa = PBXFileReference; lastKnownFileType = sourcecode.swift; path = TimeViewModel.swift; sourceTree = "<group>"; };
		09C157022B9C584A0008F86E /* DateFormatterManager.swift */ = {isa = PBXFileReference; lastKnownFileType = sourcecode.swift; path = DateFormatterManager.swift; sourceTree = "<group>"; };
		09C157042B9C78C10008F86E /* StartDayViewController.swift */ = {isa = PBXFileReference; lastKnownFileType = sourcecode.swift; path = StartDayViewController.swift; sourceTree = "<group>"; };
		09C739CE2B9DD1F800B200DE /* CycleViewController.swift */ = {isa = PBXFileReference; lastKnownFileType = sourcecode.swift; path = CycleViewController.swift; sourceTree = "<group>"; };
		09C739D02B9DD3D600B200DE /* CycleCollectionViewCell.swift */ = {isa = PBXFileReference; lastKnownFileType = sourcecode.swift; path = CycleCollectionViewCell.swift; sourceTree = "<group>"; };
		09C739D22B9DD5FA00B200DE /* CycleViewModel.swift */ = {isa = PBXFileReference; lastKnownFileType = sourcecode.swift; path = CycleViewModel.swift; sourceTree = "<group>"; };
		09C739D82B9DFAC900B200DE /* StartDayViewModel.swift */ = {isa = PBXFileReference; lastKnownFileType = sourcecode.swift; path = StartDayViewModel.swift; sourceTree = "<group>"; };
		09C739DC2B9E058900B200DE /* TimePickerViewModel.swift */ = {isa = PBXFileReference; lastKnownFileType = sourcecode.swift; path = TimePickerViewModel.swift; sourceTree = "<group>"; };
		09C739E12B9ED52F00B200DE /* CalendarViewController.swift */ = {isa = PBXFileReference; lastKnownFileType = sourcecode.swift; path = CalendarViewController.swift; sourceTree = "<group>"; };
		09C739E32B9F0DC900B200DE /* NameCollectionViewCell.swift */ = {isa = PBXFileReference; lastKnownFileType = sourcecode.swift; path = NameCollectionViewCell.swift; sourceTree = "<group>"; };
		09C739E52B9F13EA00B200DE /* AmountCollectionViewCell.swift */ = {isa = PBXFileReference; lastKnownFileType = sourcecode.swift; path = AmountCollectionViewCell.swift; sourceTree = "<group>"; };
		09C739F72BA049F300B200DE /* SupplementRepository.swift */ = {isa = PBXFileReference; lastKnownFileType = sourcecode.swift; path = SupplementRepository.swift; sourceTree = "<group>"; };
		09C739FB2BA04B7800B200DE /* MySupplement.swift */ = {isa = PBXFileReference; lastKnownFileType = sourcecode.swift; path = MySupplement.swift; sourceTree = "<group>"; };
		09EB7A6D2C4B8020001E0470 /* Dictionary+Extension.swift */ = {isa = PBXFileReference; lastKnownFileType = sourcecode.swift; path = "Dictionary+Extension.swift"; sourceTree = "<group>"; };
		09EB7A6F2C4B9057001E0470 /* ToastManager.swift */ = {isa = PBXFileReference; lastKnownFileType = sourcecode.swift; path = ToastManager.swift; sourceTree = "<group>"; };
		09EB7AB12C4E20D7001E0470 /* Notification.Name+Extension.swift */ = {isa = PBXFileReference; lastKnownFileType = sourcecode.swift; path = "Notification.Name+Extension.swift"; sourceTree = "<group>"; };
/* End PBXFileReference section */

/* Begin PBXFrameworksBuildPhase section */
		09833BAD2B9983AC0081E37E /* Frameworks */ = {
			isa = PBXFrameworksBuildPhase;
			buildActionMask = 2147483647;
			files = (
				094BE9F42BB5281800342DC3 /* FirebasePerformance in Frameworks */,
				09833BE52B99A09D0081E37E /* Realm in Frameworks */,
				094BE9EC2BB5281800342DC3 /* FirebaseAnalyticsWithoutAdIdSupport in Frameworks */,
				09833BE22B99A05D0081E37E /* Alamofire in Frameworks */,
				094BE9F02BB5281800342DC3 /* FirebaseMLModelDownloader in Frameworks */,
				0906E9312BAD6D020098DF1A /* Lottie in Frameworks */,
				09833BE72B99A09D0081E37E /* RealmSwift in Frameworks */,
				094BE9EE2BB5281800342DC3 /* FirebaseCrashlytics in Frameworks */,
				09833BDF2B99A0520081E37E /* Toast in Frameworks */,
				094BE9F82BB5281800342DC3 /* FirebaseRemoteConfigSwift in Frameworks */,
				094BE9F62BB5281800342DC3 /* FirebaseRemoteConfig in Frameworks */,
				094BE9F22BB5281800342DC3 /* FirebaseMessaging in Frameworks */,
				094BE9FA2BB5281800342DC3 /* FirebaseStorage in Frameworks */,
				09833BDC2B99A04A0081E37E /* Kingfisher in Frameworks */,
				09833BEA2B99A0A90081E37E /* FSCalendar in Frameworks */,
				09833BD62B99A0390081E37E /* DGCharts in Frameworks */,
				094BE9FC2BB5281800342DC3 /* FirebaseStorageCombine-Community in Frameworks */,
				09833BD92B99A0420081E37E /* SnapKit in Frameworks */,
			);
			runOnlyForDeploymentPostprocessing = 0;
		};
/* End PBXFrameworksBuildPhase section */

/* Begin PBXGroup section */
		09042BC52C84464600A7A53D /* Stock */ = {
			isa = PBXGroup;
			children = (
				09042BC82C84465B00A7A53D /* StockViewModel.swift */,
				09042BCA2C84466100A7A53D /* StockViewController.swift */,
			);
			path = Stock;
			sourceTree = "<group>";
		};
		0906E9212BAC604B0098DF1A /* DesignSystem */ = {
			isa = PBXGroup;
			children = (
				0906E9222BAC60630098DF1A /* ColorStyle.swift */,
				0906E9242BAC606A0098DF1A /* FontStyle.swift */,
				0906E92A2BAC88970098DF1A /* ImageStyle.swift */,
			);
			path = DesignSystem;
			sourceTree = "<group>";
		};
		0906E9322BAD6D220098DF1A /* Lottie */ = {
			isa = PBXGroup;
			children = (
				0906E9552BADCA490098DF1A /* splash.json */,
				0906E9372BAD7D220098DF1A /* congratulation.json */,
			);
			path = Lottie;
			sourceTree = "<group>";
		};
		0932892A2BF1A21100C8F52E /* Cell */ = {
			isa = PBXGroup;
			children = (
				09ABD4772BA997B400826A73 /* CalendarTableViewCell.swift */,
				09ABD4792BA998E900826A73 /* ChartTableViewCell.swift */,
				09ABD4442BA4A3AB00826A73 /* ScheduleTableViewCell.swift */,
				09ABD47B2BA9B56900826A73 /* EmptyTableViewCell.swift */,
			);
			path = Cell;
			sourceTree = "<group>";
		};
		093289642BF228E900C8F52E /* Cell */ = {
			isa = PBXGroup;
			children = (
				09ABD44F2BA587D900826A73 /* MyCollectionViewCell.swift */,
			);
			path = Cell;
			sourceTree = "<group>";
		};
		09833BA72B9983AC0081E37E = {
			isa = PBXGroup;
			children = (
				09833BC72B9986020081E37E /* .gitignore */,
				094BE9E82BB5275B00342DC3 /* GoogleService-Info.plist */,
				09833BB22B9983AC0081E37E /* Yakssok */,
				09833BB12B9983AC0081E37E /* Products */,
			);
			sourceTree = "<group>";
		};
		09833BB12B9983AC0081E37E /* Products */ = {
			isa = PBXGroup;
			children = (
				09833BB02B9983AC0081E37E /* Yakssok.app */,
			);
			name = Products;
			sourceTree = "<group>";
		};
		09833BB22B9983AC0081E37E /* Yakssok */ = {
			isa = PBXGroup;
			children = (
				09EB7A3D2C450634001E0470 /* Manager */,
				0906E9322BAD6D220098DF1A /* Lottie */,
				0906E9212BAC604B0098DF1A /* DesignSystem */,
				09ABD45C2BA71A6300826A73 /* Custom */,
				09ABD4462BA5653400826A73 /* My */,
				09C739F62BA049D900B200DE /* Realm */,
				09C739E02B9ED4F300B200DE /* Calendar */,
				09C156C12B9AFBFF0008F86E /* Add */,
				09833BFE2B99A49F0081E37E /* Search */,
				09833C072B99B2830081E37E /* Network */,
				09833C042B99AA990081E37E /* Extension */,
				09833BF22B99A2940081E37E /* Base */,
				09833BB32B9983AC0081E37E /* AppDelegate.swift */,
				09833BB52B9983AC0081E37E /* SceneDelegate.swift */,
				09833BB72B9983AC0081E37E /* ViewController.swift */,
				09833BB92B9983AC0081E37E /* Main.storyboard */,
				09833BBC2B9983AE0081E37E /* Assets.xcassets */,
				09833BBE2B9983AE0081E37E /* LaunchScreen.storyboard */,
				09833BC12B9983AE0081E37E /* Info.plist */,
				09833C122B99C3080081E37E /* Observable.swift */,
			);
			path = Yakssok;
			sourceTree = "<group>";
		};
		09833BF22B99A2940081E37E /* Base */ = {
			isa = PBXGroup;
			children = (
				09833BF92B99A3640081E37E /* BaseView.swift */,
				09833BF32B99A29B0081E37E /* BaseViewController.swift */,
				09833BF72B99A31D0081E37E /* BaseTableViewCell.swift */,
				09833BF52B99A2E70081E37E /* BaseCollectionViewCell.swift */,
				09C156DF2B9B4E8E0008F86E /* BaseCollectionReusableView.swift */,
			);
			path = Base;
			sourceTree = "<group>";
		};
		09833BFE2B99A49F0081E37E /* Search */ = {
			isa = PBXGroup;
			children = (
				09833C102B99C2740081E37E /* SearchViewModel.swift */,
				09833BFF2B99A4A80081E37E /* SearchViewController.swift */,
				09911F632B9A0BC50093009D /* SearchResultTableViewCell.swift */,
			);
			path = Search;
			sourceTree = "<group>";
		};
		09833C042B99AA990081E37E /* Extension */ = {
			isa = PBXGroup;
			children = (
				09833C052B99AAA80081E37E /* UIView+Extension.swift */,
				09ABD46A2BA8845600826A73 /* UITextField+Extension.swift */,
				09ABD46C2BA8919400826A73 /* UIButton.Configuration+Extension.swift */,
				0906E9262BAC608D0098DF1A /* UIColor+Extension.swift */,
				0906E9432BADB6D60098DF1A /* UISheetPresentationController.Detent+Extension.swift */,
				09EB7A6D2C4B8020001E0470 /* Dictionary+Extension.swift */,
				09EB7AB12C4E20D7001E0470 /* Notification.Name+Extension.swift */,
			);
			path = Extension;
			sourceTree = "<group>";
		};
		09833C072B99B2830081E37E /* Network */ = {
			isa = PBXGroup;
			children = (
				09833C082B99B28D0081E37E /* APIKey.swift */,
				09833C0A2B99B2F40081E37E /* APIService.swift */,
				09833C0E2B99BD020081E37E /* SupplementAPI.swift */,
				09833C0C2B99B3BC0081E37E /* Supplement.swift */,
			);
			path = Network;
			sourceTree = "<group>";
		};
		09ABD43B2BA45E3900826A73 /* Image */ = {
			isa = PBXGroup;
			children = (
				09ABD4392BA45CAB00826A73 /* ImageCollectionViewCell.swift */,
				09ABD4402BA4715800826A73 /* ImageTypeSelectViewModel.swift */,
				09ABD43C2BA45E8400826A73 /* ImageTypeSelectViewController.swift */,
				09ABD43E2BA460D800826A73 /* ImageTypeSelectTableViewCell.swift */,
			);
			path = Image;
			sourceTree = "<group>";
		};
		09ABD4462BA5653400826A73 /* My */ = {
			isa = PBXGroup;
			children = (
				093289642BF228E900C8F52E /* Cell */,
				09ABD44B2BA57D0500826A73 /* MyViewModel.swift */,
				09ABD4472BA5654C00826A73 /* MyViewController.swift */,
			);
			path = My;
			sourceTree = "<group>";
		};
		09ABD45C2BA71A6300826A73 /* Custom */ = {
			isa = PBXGroup;
			children = (
				0906E9282BAC611C0098DF1A /* CustomLabel.swift */,
				09ABD45D2BA71A7400826A73 /* CustomChartView.swift */,
				09ABD47D2BA9BEAA00826A73 /* CustomCalendar.swift */,
				09ABD4812BA9D09000826A73 /* CustomTextField.swift */,
				09ABD4832BA9D1B300826A73 /* CustomImageView.swift */,
				0906E93F2BADADA80098DF1A /* LogoView.swift */,
				0906E9572BADCF280098DF1A /* SplashView.swift */,
			);
			path = Custom;
			sourceTree = "<group>";
		};
		09ABD4632BA816B000826A73 /* Period */ = {
			isa = PBXGroup;
			children = (
				09ABD4682BA819A000826A73 /* PeriodViewModel.swift */,
				09ABD4642BA816BB00826A73 /* PeriodViewController.swift */,
			);
			path = Period;
			sourceTree = "<group>";
		};
		09C156C12B9AFBFF0008F86E /* Add */ = {
			isa = PBXGroup;
			children = (
				09C156F42B9B93790008F86E /* AddViewController.swift */,
				09C156F62B9C2C5D0008F86E /* AddViewModel.swift */,
				09C739E32B9F0DC900B200DE /* NameCollectionViewCell.swift */,
				09C739E52B9F13EA00B200DE /* AmountCollectionViewCell.swift */,
				09ABD46E2BA8937800826A73 /* CommonCollectionViewCell.swift */,
				09ABD43B2BA45E3900826A73 /* Image */,
				09042BC52C84464600A7A53D /* Stock */,
				09C739C02B9DBB1600B200DE /* StartDay */,
				09ABD4632BA816B000826A73 /* Period */,
				09C739C12B9DBB1E00B200DE /* Cycle */,
				09C739C22B9DBB3500B200DE /* Time */,
			);
			path = Add;
			sourceTree = "<group>";
		};
		09C739C02B9DBB1600B200DE /* StartDay */ = {
			isa = PBXGroup;
			children = (
				09C739D82B9DFAC900B200DE /* StartDayViewModel.swift */,
				09C157042B9C78C10008F86E /* StartDayViewController.swift */,
			);
			path = StartDay;
			sourceTree = "<group>";
		};
		09C739C12B9DBB1E00B200DE /* Cycle */ = {
			isa = PBXGroup;
			children = (
				09C739D22B9DD5FA00B200DE /* CycleViewModel.swift */,
				09C739CE2B9DD1F800B200DE /* CycleViewController.swift */,
				09C739D02B9DD3D600B200DE /* CycleCollectionViewCell.swift */,
			);
			path = Cycle;
			sourceTree = "<group>";
		};
		09C739C22B9DBB3500B200DE /* Time */ = {
			isa = PBXGroup;
			children = (
				09C157002B9C577D0008F86E /* TimeViewModel.swift */,
				09C156F82B9C2F360008F86E /* TimeViewController.swift */,
				09C156FA2B9C49000008F86E /* TimeTableViewCell.swift */,
				09C739DC2B9E058900B200DE /* TimePickerViewModel.swift */,
				09C156FE2B9C50E50008F86E /* TimePickerViewController.swift */,
			);
			path = Time;
			sourceTree = "<group>";
		};
		09C739E02B9ED4F300B200DE /* Calendar */ = {
			isa = PBXGroup;
			children = (
				0932892A2BF1A21100C8F52E /* Cell */,
				09ABD4342BA18E9700826A73 /* CalendarViewModel.swift */,
				09C739E12B9ED52F00B200DE /* CalendarViewController.swift */,
				09ABD47F2BA9C9D200826A73 /* ScheduleHeaderView.swift */,
			);
			path = Calendar;
			sourceTree = "<group>";
		};
		09C739F62BA049D900B200DE /* Realm */ = {
			isa = PBXGroup;
			children = (
				09C739FB2BA04B7800B200DE /* MySupplement.swift */,
				09ABD4582BA5EFE800826A73 /* MySupplements.swift */,
				09C739F72BA049F300B200DE /* SupplementRepository.swift */,
			);
			path = Realm;
			sourceTree = "<group>";
		};
		09EB7A3D2C450634001E0470 /* Manager */ = {
			isa = PBXGroup;
			children = (
				094BE9CF2BB40D1400342DC3 /* NotificationManager.swift */,
				09C157022B9C584A0008F86E /* DateFormatterManager.swift */,
				093289652BF22BB900C8F52E /* AlertManager.swift */,
				093289672BF22C5300C8F52E /* ImageDocumentManager.swift */,
				09911F652B9A0D190093009D /* SearchManger.swift */,
				09EB7A6F2C4B9057001E0470 /* ToastManager.swift */,
				09042BCE2C84775900A7A53D /* NumberFormatterManager.swift */,
			);
			path = Manager;
			sourceTree = "<group>";
		};
/* End PBXGroup section */

/* Begin PBXNativeTarget section */
		09833BAF2B9983AC0081E37E /* Yakssok */ = {
			isa = PBXNativeTarget;
			buildConfigurationList = 09833BC42B9983AE0081E37E /* Build configuration list for PBXNativeTarget "Yakssok" */;
			buildPhases = (
				09833BAC2B9983AC0081E37E /* Sources */,
				09833BAD2B9983AC0081E37E /* Frameworks */,
				09833BAE2B9983AC0081E37E /* Resources */,
				094BE9FD2BB528B500342DC3 /* ShellScript */,
			);
			buildRules = (
			);
			dependencies = (
			);
			name = Yakssok;
			packageProductDependencies = (
				09833BD52B99A0390081E37E /* DGCharts */,
				09833BD82B99A0420081E37E /* SnapKit */,
				09833BDB2B99A04A0081E37E /* Kingfisher */,
				09833BDE2B99A0520081E37E /* Toast */,
				09833BE12B99A05D0081E37E /* Alamofire */,
				09833BE42B99A09D0081E37E /* Realm */,
				09833BE62B99A09D0081E37E /* RealmSwift */,
				09833BE92B99A0A90081E37E /* FSCalendar */,
				0906E9302BAD6D020098DF1A /* Lottie */,
				094BE9EB2BB5281800342DC3 /* FirebaseAnalyticsWithoutAdIdSupport */,
				094BE9ED2BB5281800342DC3 /* FirebaseCrashlytics */,
				094BE9EF2BB5281800342DC3 /* FirebaseMLModelDownloader */,
				094BE9F12BB5281800342DC3 /* FirebaseMessaging */,
				094BE9F32BB5281800342DC3 /* FirebasePerformance */,
				094BE9F52BB5281800342DC3 /* FirebaseRemoteConfig */,
				094BE9F72BB5281800342DC3 /* FirebaseRemoteConfigSwift */,
				094BE9F92BB5281800342DC3 /* FirebaseStorage */,
				094BE9FB2BB5281800342DC3 /* FirebaseStorageCombine-Community */,
			);
			productName = Yakssok;
			productReference = 09833BB02B9983AC0081E37E /* Yakssok.app */;
			productType = "com.apple.product-type.application";
		};
/* End PBXNativeTarget section */

/* Begin PBXProject section */
		09833BA82B9983AC0081E37E /* Project object */ = {
			isa = PBXProject;
			attributes = {
				BuildIndependentTargetsInParallel = 1;
				LastSwiftUpdateCheck = 1510;
				LastUpgradeCheck = 1510;
				TargetAttributes = {
					09833BAF2B9983AC0081E37E = {
						CreatedOnToolsVersion = 15.1;
					};
				};
			};
			buildConfigurationList = 09833BAB2B9983AC0081E37E /* Build configuration list for PBXProject "Yakssok" */;
			compatibilityVersion = "Xcode 14.0";
			developmentRegion = en;
			hasScannedForEncodings = 0;
			knownRegions = (
				en,
				Base,
			);
			mainGroup = 09833BA72B9983AC0081E37E;
			packageReferences = (
				09833BD42B99A0390081E37E /* XCRemoteSwiftPackageReference "Charts" */,
				09833BD72B99A0420081E37E /* XCRemoteSwiftPackageReference "SnapKit" */,
				09833BDA2B99A04A0081E37E /* XCRemoteSwiftPackageReference "Kingfisher" */,
				09833BDD2B99A0520081E37E /* XCRemoteSwiftPackageReference "Toast-Swift" */,
				09833BE02B99A05D0081E37E /* XCRemoteSwiftPackageReference "Alamofire" */,
				09833BE32B99A09D0081E37E /* XCRemoteSwiftPackageReference "realm-swift" */,
				09833BE82B99A0A90081E37E /* XCRemoteSwiftPackageReference "FSCalendar" */,
				0906E92F2BAD6D020098DF1A /* XCRemoteSwiftPackageReference "lottie-ios" */,
				094BE9EA2BB5281800342DC3 /* XCRemoteSwiftPackageReference "firebase-ios-sdk" */,
			);
			productRefGroup = 09833BB12B9983AC0081E37E /* Products */;
			projectDirPath = "";
			projectRoot = "";
			targets = (
				09833BAF2B9983AC0081E37E /* Yakssok */,
			);
		};
/* End PBXProject section */

/* Begin PBXResourcesBuildPhase section */
		09833BAE2B9983AC0081E37E /* Resources */ = {
			isa = PBXResourcesBuildPhase;
			buildActionMask = 2147483647;
			files = (
				0906E9382BAD7D220098DF1A /* congratulation.json in Resources */,
				0906E9562BADCA490098DF1A /* splash.json in Resources */,
				09833BC82B9986020081E37E /* .gitignore in Resources */,
				09833BC02B9983AE0081E37E /* LaunchScreen.storyboard in Resources */,
				09833BBD2B9983AE0081E37E /* Assets.xcassets in Resources */,
				09833BBB2B9983AC0081E37E /* Main.storyboard in Resources */,
				094BE9E92BB5275B00342DC3 /* GoogleService-Info.plist in Resources */,
			);
			runOnlyForDeploymentPostprocessing = 0;
		};
/* End PBXResourcesBuildPhase section */

/* Begin PBXShellScriptBuildPhase section */
		094BE9FD2BB528B500342DC3 /* ShellScript */ = {
			isa = PBXShellScriptBuildPhase;
			buildActionMask = 2147483647;
			files = (
			);
			inputFileListPaths = (
			);
			inputPaths = (
				"${DWARF_DSYM_FOLDER_PATH}/${DWARF_DSYM_FILE_NAME}",
				"${DWARF_DSYM_FOLDER_PATH}/${DWARF_DSYM_FILE_NAME}/Contents/Resources/DWARF/${PRODUCT_NAME}",
				"${DWARF_DSYM_FOLDER_PATH}/${DWARF_DSYM_FILE_NAME}/Contents/Info.plist",
				"$(TARGET_BUILD_DIR)/$(UNLOCALIZED_RESOURCES_FOLDER_PATH)/GoogleService-Info.plist",
				"$(TARGET_BUILD_DIR)/$(EXECUTABLE_PATH)",
			);
			outputFileListPaths = (
			);
			outputPaths = (
			);
			runOnlyForDeploymentPostprocessing = 0;
			shellPath = /bin/sh;
			shellScript = "# Type a script or drag a script file from your workspace to insert its path.\n\"${BUILD_DIR%/Build/*}/SourcePackages/checkouts/firebase-ios-sdk/Crashlytics/run\"\n";
		};
/* End PBXShellScriptBuildPhase section */

/* Begin PBXSourcesBuildPhase section */
		09833BAC2B9983AC0081E37E /* Sources */ = {
			isa = PBXSourcesBuildPhase;
			buildActionMask = 2147483647;
			files = (
				09833C132B99C3080081E37E /* Observable.swift in Sources */,
				09C157032B9C584A0008F86E /* DateFormatterManager.swift in Sources */,
				09ABD4692BA819A000826A73 /* PeriodViewModel.swift in Sources */,
				0906E9232BAC60630098DF1A /* ColorStyle.swift in Sources */,
				09042BCB2C84466200A7A53D /* StockViewController.swift in Sources */,
				09ABD47A2BA998E900826A73 /* ChartTableViewCell.swift in Sources */,
				09833BF62B99A2E70081E37E /* BaseCollectionViewCell.swift in Sources */,
				09833BB82B9983AC0081E37E /* ViewController.swift in Sources */,
				09C739E22B9ED52F00B200DE /* CalendarViewController.swift in Sources */,
				09ABD4802BA9C9D200826A73 /* ScheduleHeaderView.swift in Sources */,
				09ABD4352BA18E9700826A73 /* CalendarViewModel.swift in Sources */,
				0906E9292BAC611C0098DF1A /* CustomLabel.swift in Sources */,
				09ABD46D2BA8919400826A73 /* UIButton.Configuration+Extension.swift in Sources */,
				093289662BF22BB900C8F52E /* AlertManager.swift in Sources */,
				09ABD4842BA9D1B300826A73 /* CustomImageView.swift in Sources */,
				09ABD4592BA5EFE800826A73 /* MySupplements.swift in Sources */,
				09C156FB2B9C49000008F86E /* TimeTableViewCell.swift in Sources */,
				09833C002B99A4A80081E37E /* SearchViewController.swift in Sources */,
				0906E9582BADCF280098DF1A /* SplashView.swift in Sources */,
				09C156F92B9C2F360008F86E /* TimeViewController.swift in Sources */,
				09042BC92C84465B00A7A53D /* StockViewModel.swift in Sources */,
				09C157012B9C577D0008F86E /* TimeViewModel.swift in Sources */,
				09833BF42B99A29B0081E37E /* BaseViewController.swift in Sources */,
				09ABD4412BA4715800826A73 /* ImageTypeSelectViewModel.swift in Sources */,
				09ABD47C2BA9B56900826A73 /* EmptyTableViewCell.swift in Sources */,
				0906E9442BADB6D60098DF1A /* UISheetPresentationController.Detent+Extension.swift in Sources */,
				09833BB42B9983AC0081E37E /* AppDelegate.swift in Sources */,
				09ABD46F2BA8937800826A73 /* CommonCollectionViewCell.swift in Sources */,
				09C739F82BA049F300B200DE /* SupplementRepository.swift in Sources */,
				09C739E62B9F13EA00B200DE /* AmountCollectionViewCell.swift in Sources */,
				09833BFA2B99A3640081E37E /* BaseView.swift in Sources */,
				09ABD43F2BA460D800826A73 /* ImageTypeSelectTableViewCell.swift in Sources */,
				09ABD4782BA997B400826A73 /* CalendarTableViewCell.swift in Sources */,
				09C156F72B9C2C5D0008F86E /* AddViewModel.swift in Sources */,
				09833C112B99C2740081E37E /* SearchViewModel.swift in Sources */,
				09ABD4452BA4A3AB00826A73 /* ScheduleTableViewCell.swift in Sources */,
				0906E92B2BAC88970098DF1A /* ImageStyle.swift in Sources */,
				09ABD4482BA5654C00826A73 /* MyViewController.swift in Sources */,
				09EB7A702C4B9057001E0470 /* ToastManager.swift in Sources */,
				09C739D12B9DD3D600B200DE /* CycleCollectionViewCell.swift in Sources */,
				093289682BF22C5300C8F52E /* ImageDocumentManager.swift in Sources */,
				09ABD4822BA9D09000826A73 /* CustomTextField.swift in Sources */,
				09833C092B99B28D0081E37E /* APIKey.swift in Sources */,
				09ABD46B2BA8845600826A73 /* UITextField+Extension.swift in Sources */,
				09ABD4502BA587D900826A73 /* MyCollectionViewCell.swift in Sources */,
				0906E9252BAC606A0098DF1A /* FontStyle.swift in Sources */,
				09C156FF2B9C50E50008F86E /* TimePickerViewController.swift in Sources */,
				09C739E42B9F0DC900B200DE /* NameCollectionViewCell.swift in Sources */,
				0906E9272BAC608D0098DF1A /* UIColor+Extension.swift in Sources */,
				094BE9D02BB40D1400342DC3 /* NotificationManager.swift in Sources */,
				09ABD43A2BA45CAB00826A73 /* ImageCollectionViewCell.swift in Sources */,
				09042BCF2C84775900A7A53D /* NumberFormatterManager.swift in Sources */,
				09833C0F2B99BD020081E37E /* SupplementAPI.swift in Sources */,
				09C739FC2BA04B7800B200DE /* MySupplement.swift in Sources */,
				09C739DD2B9E058900B200DE /* TimePickerViewModel.swift in Sources */,
				09C739D32B9DD5FA00B200DE /* CycleViewModel.swift in Sources */,
				09833BF82B99A31D0081E37E /* BaseTableViewCell.swift in Sources */,
				09C739CF2B9DD1F800B200DE /* CycleViewController.swift in Sources */,
				09ABD47E2BA9BEAA00826A73 /* CustomCalendar.swift in Sources */,
				0906E9402BADADA80098DF1A /* LogoView.swift in Sources */,
				09ABD4652BA816BB00826A73 /* PeriodViewController.swift in Sources */,
				09C157052B9C78C10008F86E /* StartDayViewController.swift in Sources */,
				09EB7A6E2C4B8020001E0470 /* Dictionary+Extension.swift in Sources */,
				09ABD45E2BA71A7400826A73 /* CustomChartView.swift in Sources */,
				09EB7AB22C4E20D7001E0470 /* Notification.Name+Extension.swift in Sources */,
				09911F642B9A0BC50093009D /* SearchResultTableViewCell.swift in Sources */,
				09911F662B9A0D1A0093009D /* SearchManger.swift in Sources */,
				09C739D92B9DFAC900B200DE /* StartDayViewModel.swift in Sources */,
				09833C062B99AAA80081E37E /* UIView+Extension.swift in Sources */,
				09833C0B2B99B2F40081E37E /* APIService.swift in Sources */,
				09ABD44C2BA57D0500826A73 /* MyViewModel.swift in Sources */,
				09ABD43D2BA45E8500826A73 /* ImageTypeSelectViewController.swift in Sources */,
				09C156F52B9B93790008F86E /* AddViewController.swift in Sources */,
				09C156E02B9B4E8E0008F86E /* BaseCollectionReusableView.swift in Sources */,
				09833BB62B9983AC0081E37E /* SceneDelegate.swift in Sources */,
				09833C0D2B99B3BC0081E37E /* Supplement.swift in Sources */,
			);
			runOnlyForDeploymentPostprocessing = 0;
		};
/* End PBXSourcesBuildPhase section */

/* Begin PBXVariantGroup section */
		09833BB92B9983AC0081E37E /* Main.storyboard */ = {
			isa = PBXVariantGroup;
			children = (
				09833BBA2B9983AC0081E37E /* Base */,
			);
			name = Main.storyboard;
			sourceTree = "<group>";
		};
		09833BBE2B9983AE0081E37E /* LaunchScreen.storyboard */ = {
			isa = PBXVariantGroup;
			children = (
				09833BBF2B9983AE0081E37E /* Base */,
			);
			name = LaunchScreen.storyboard;
			sourceTree = "<group>";
		};
/* End PBXVariantGroup section */

/* Begin XCBuildConfiguration section */
		09833BC22B9983AE0081E37E /* Debug */ = {
			isa = XCBuildConfiguration;
			buildSettings = {
				ALWAYS_SEARCH_USER_PATHS = NO;
				ASSETCATALOG_COMPILER_GENERATE_SWIFT_ASSET_SYMBOL_EXTENSIONS = YES;
				CLANG_ANALYZER_NONNULL = YES;
				CLANG_ANALYZER_NUMBER_OBJECT_CONVERSION = YES_AGGRESSIVE;
				CLANG_CXX_LANGUAGE_STANDARD = "gnu++20";
				CLANG_ENABLE_MODULES = YES;
				CLANG_ENABLE_OBJC_ARC = YES;
				CLANG_ENABLE_OBJC_WEAK = YES;
				CLANG_WARN_BLOCK_CAPTURE_AUTORELEASING = YES;
				CLANG_WARN_BOOL_CONVERSION = YES;
				CLANG_WARN_COMMA = YES;
				CLANG_WARN_CONSTANT_CONVERSION = YES;
				CLANG_WARN_DEPRECATED_OBJC_IMPLEMENTATIONS = YES;
				CLANG_WARN_DIRECT_OBJC_ISA_USAGE = YES_ERROR;
				CLANG_WARN_DOCUMENTATION_COMMENTS = YES;
				CLANG_WARN_EMPTY_BODY = YES;
				CLANG_WARN_ENUM_CONVERSION = YES;
				CLANG_WARN_INFINITE_RECURSION = YES;
				CLANG_WARN_INT_CONVERSION = YES;
				CLANG_WARN_NON_LITERAL_NULL_CONVERSION = YES;
				CLANG_WARN_OBJC_IMPLICIT_RETAIN_SELF = YES;
				CLANG_WARN_OBJC_LITERAL_CONVERSION = YES;
				CLANG_WARN_OBJC_ROOT_CLASS = YES_ERROR;
				CLANG_WARN_QUOTED_INCLUDE_IN_FRAMEWORK_HEADER = YES;
				CLANG_WARN_RANGE_LOOP_ANALYSIS = YES;
				CLANG_WARN_STRICT_PROTOTYPES = YES;
				CLANG_WARN_SUSPICIOUS_MOVE = YES;
				CLANG_WARN_UNGUARDED_AVAILABILITY = YES_AGGRESSIVE;
				CLANG_WARN_UNREACHABLE_CODE = YES;
				CLANG_WARN__DUPLICATE_METHOD_MATCH = YES;
				COPY_PHASE_STRIP = NO;
				DEBUG_INFORMATION_FORMAT = "dwarf-with-dsym";
				ENABLE_STRICT_OBJC_MSGSEND = YES;
				ENABLE_TESTABILITY = YES;
				ENABLE_USER_SCRIPT_SANDBOXING = YES;
				GCC_C_LANGUAGE_STANDARD = gnu17;
				GCC_DYNAMIC_NO_PIC = NO;
				GCC_NO_COMMON_BLOCKS = YES;
				GCC_OPTIMIZATION_LEVEL = 0;
				GCC_PREPROCESSOR_DEFINITIONS = (
					"DEBUG=1",
					"$(inherited)",
				);
				GCC_WARN_64_TO_32_BIT_CONVERSION = YES;
				GCC_WARN_ABOUT_RETURN_TYPE = YES_ERROR;
				GCC_WARN_UNDECLARED_SELECTOR = YES;
				GCC_WARN_UNINITIALIZED_AUTOS = YES_AGGRESSIVE;
				GCC_WARN_UNUSED_FUNCTION = YES;
				GCC_WARN_UNUSED_VARIABLE = YES;
				IPHONEOS_DEPLOYMENT_TARGET = 17.2;
				LOCALIZATION_PREFERS_STRING_CATALOGS = YES;
				MTL_ENABLE_DEBUG_INFO = INCLUDE_SOURCE;
				MTL_FAST_MATH = YES;
				ONLY_ACTIVE_ARCH = YES;
				OTHER_LDFLAGS = "-ObjC";
				SDKROOT = iphoneos;
				SWIFT_ACTIVE_COMPILATION_CONDITIONS = "DEBUG $(inherited)";
				SWIFT_OPTIMIZATION_LEVEL = "-Onone";
			};
			name = Debug;
		};
		09833BC32B9983AE0081E37E /* Release */ = {
			isa = XCBuildConfiguration;
			buildSettings = {
				ALWAYS_SEARCH_USER_PATHS = NO;
				ASSETCATALOG_COMPILER_GENERATE_SWIFT_ASSET_SYMBOL_EXTENSIONS = YES;
				CLANG_ANALYZER_NONNULL = YES;
				CLANG_ANALYZER_NUMBER_OBJECT_CONVERSION = YES_AGGRESSIVE;
				CLANG_CXX_LANGUAGE_STANDARD = "gnu++20";
				CLANG_ENABLE_MODULES = YES;
				CLANG_ENABLE_OBJC_ARC = YES;
				CLANG_ENABLE_OBJC_WEAK = YES;
				CLANG_WARN_BLOCK_CAPTURE_AUTORELEASING = YES;
				CLANG_WARN_BOOL_CONVERSION = YES;
				CLANG_WARN_COMMA = YES;
				CLANG_WARN_CONSTANT_CONVERSION = YES;
				CLANG_WARN_DEPRECATED_OBJC_IMPLEMENTATIONS = YES;
				CLANG_WARN_DIRECT_OBJC_ISA_USAGE = YES_ERROR;
				CLANG_WARN_DOCUMENTATION_COMMENTS = YES;
				CLANG_WARN_EMPTY_BODY = YES;
				CLANG_WARN_ENUM_CONVERSION = YES;
				CLANG_WARN_INFINITE_RECURSION = YES;
				CLANG_WARN_INT_CONVERSION = YES;
				CLANG_WARN_NON_LITERAL_NULL_CONVERSION = YES;
				CLANG_WARN_OBJC_IMPLICIT_RETAIN_SELF = YES;
				CLANG_WARN_OBJC_LITERAL_CONVERSION = YES;
				CLANG_WARN_OBJC_ROOT_CLASS = YES_ERROR;
				CLANG_WARN_QUOTED_INCLUDE_IN_FRAMEWORK_HEADER = YES;
				CLANG_WARN_RANGE_LOOP_ANALYSIS = YES;
				CLANG_WARN_STRICT_PROTOTYPES = YES;
				CLANG_WARN_SUSPICIOUS_MOVE = YES;
				CLANG_WARN_UNGUARDED_AVAILABILITY = YES_AGGRESSIVE;
				CLANG_WARN_UNREACHABLE_CODE = YES;
				CLANG_WARN__DUPLICATE_METHOD_MATCH = YES;
				COPY_PHASE_STRIP = NO;
				DEBUG_INFORMATION_FORMAT = "dwarf-with-dsym";
				ENABLE_NS_ASSERTIONS = NO;
				ENABLE_STRICT_OBJC_MSGSEND = YES;
				ENABLE_USER_SCRIPT_SANDBOXING = YES;
				GCC_C_LANGUAGE_STANDARD = gnu17;
				GCC_NO_COMMON_BLOCKS = YES;
				GCC_WARN_64_TO_32_BIT_CONVERSION = YES;
				GCC_WARN_ABOUT_RETURN_TYPE = YES_ERROR;
				GCC_WARN_UNDECLARED_SELECTOR = YES;
				GCC_WARN_UNINITIALIZED_AUTOS = YES_AGGRESSIVE;
				GCC_WARN_UNUSED_FUNCTION = YES;
				GCC_WARN_UNUSED_VARIABLE = YES;
				IPHONEOS_DEPLOYMENT_TARGET = 17.2;
				LOCALIZATION_PREFERS_STRING_CATALOGS = YES;
				MTL_ENABLE_DEBUG_INFO = NO;
				MTL_FAST_MATH = YES;
				OTHER_LDFLAGS = "-ObjC";
				SDKROOT = iphoneos;
				SWIFT_COMPILATION_MODE = wholemodule;
				VALIDATE_PRODUCT = YES;
			};
			name = Release;
		};
		09833BC52B9983AE0081E37E /* Debug */ = {
			isa = XCBuildConfiguration;
			buildSettings = {
				ASSETCATALOG_COMPILER_APPICON_NAME = AppIcon;
				ASSETCATALOG_COMPILER_GLOBAL_ACCENT_COLOR_NAME = AccentColor;
				CODE_SIGN_STYLE = Automatic;
				CURRENT_PROJECT_VERSION = 1;
				DEVELOPMENT_TEAM = NLBNZ4T579;
				GENERATE_INFOPLIST_FILE = YES;
				INFOPLIST_FILE = Yakssok/Info.plist;
				INFOPLIST_KEY_CFBundleDisplayName = "약쏙";
				INFOPLIST_KEY_UIApplicationSupportsIndirectInputEvents = YES;
				INFOPLIST_KEY_UILaunchStoryboardName = LaunchScreen;
				INFOPLIST_KEY_UIMainStoryboardFile = Main;
				INFOPLIST_KEY_UISupportedInterfaceOrientations = UIInterfaceOrientationPortrait;
				INFOPLIST_KEY_UISupportedInterfaceOrientations_iPad = "UIInterfaceOrientationLandscapeLeft UIInterfaceOrientationLandscapeRight UIInterfaceOrientationPortrait UIInterfaceOrientationPortraitUpsideDown";
				IPHONEOS_DEPLOYMENT_TARGET = 16.0;
				LD_RUNPATH_SEARCH_PATHS = (
					"$(inherited)",
					"@executable_path/Frameworks",
				);
				MARKETING_VERSION = 1.2;
				PRODUCT_BUNDLE_IDENTIFIER = com.j.Yakssok;
				PRODUCT_NAME = "$(TARGET_NAME)";
				SUPPORTED_PLATFORMS = "iphoneos iphonesimulator";
				SUPPORTS_MACCATALYST = NO;
				SUPPORTS_MAC_DESIGNED_FOR_IPHONE_IPAD = NO;
				SWIFT_EMIT_LOC_STRINGS = YES;
				SWIFT_VERSION = 5.0;
				TARGETED_DEVICE_FAMILY = 1;
			};
			name = Debug;
		};
		09833BC62B9983AE0081E37E /* Release */ = {
			isa = XCBuildConfiguration;
			buildSettings = {
				ASSETCATALOG_COMPILER_APPICON_NAME = AppIcon;
				ASSETCATALOG_COMPILER_GLOBAL_ACCENT_COLOR_NAME = AccentColor;
				CODE_SIGN_STYLE = Automatic;
				CURRENT_PROJECT_VERSION = 1;
				DEVELOPMENT_TEAM = NLBNZ4T579;
				GENERATE_INFOPLIST_FILE = YES;
				INFOPLIST_FILE = Yakssok/Info.plist;
				INFOPLIST_KEY_CFBundleDisplayName = "약쏙";
				INFOPLIST_KEY_UIApplicationSupportsIndirectInputEvents = YES;
				INFOPLIST_KEY_UILaunchStoryboardName = LaunchScreen;
				INFOPLIST_KEY_UIMainStoryboardFile = Main;
				INFOPLIST_KEY_UISupportedInterfaceOrientations = UIInterfaceOrientationPortrait;
				INFOPLIST_KEY_UISupportedInterfaceOrientations_iPad = "UIInterfaceOrientationLandscapeLeft UIInterfaceOrientationLandscapeRight UIInterfaceOrientationPortrait UIInterfaceOrientationPortraitUpsideDown";
				IPHONEOS_DEPLOYMENT_TARGET = 16.0;
				LD_RUNPATH_SEARCH_PATHS = (
					"$(inherited)",
					"@executable_path/Frameworks",
				);
				MARKETING_VERSION = 1.2;
				PRODUCT_BUNDLE_IDENTIFIER = com.j.Yakssok;
				PRODUCT_NAME = "$(TARGET_NAME)";
				SUPPORTED_PLATFORMS = "iphoneos iphonesimulator";
				SUPPORTS_MACCATALYST = NO;
				SUPPORTS_MAC_DESIGNED_FOR_IPHONE_IPAD = NO;
				SWIFT_EMIT_LOC_STRINGS = YES;
				SWIFT_VERSION = 5.0;
				TARGETED_DEVICE_FAMILY = 1;
			};
			name = Release;
		};
/* End XCBuildConfiguration section */

/* Begin XCConfigurationList section */
		09833BAB2B9983AC0081E37E /* Build configuration list for PBXProject "Yakssok" */ = {
			isa = XCConfigurationList;
			buildConfigurations = (
				09833BC22B9983AE0081E37E /* Debug */,
				09833BC32B9983AE0081E37E /* Release */,
			);
			defaultConfigurationIsVisible = 0;
			defaultConfigurationName = Release;
		};
		09833BC42B9983AE0081E37E /* Build configuration list for PBXNativeTarget "Yakssok" */ = {
			isa = XCConfigurationList;
			buildConfigurations = (
				09833BC52B9983AE0081E37E /* Debug */,
				09833BC62B9983AE0081E37E /* Release */,
			);
			defaultConfigurationIsVisible = 0;
			defaultConfigurationName = Release;
		};
/* End XCConfigurationList section */

/* Begin XCRemoteSwiftPackageReference section */
		0906E92F2BAD6D020098DF1A /* XCRemoteSwiftPackageReference "lottie-ios" */ = {
			isa = XCRemoteSwiftPackageReference;
			repositoryURL = "https://github.com/airbnb/lottie-ios.git";
			requirement = {
				kind = upToNextMajorVersion;
				minimumVersion = 4.4.1;
			};
		};
		094BE9EA2BB5281800342DC3 /* XCRemoteSwiftPackageReference "firebase-ios-sdk" */ = {
			isa = XCRemoteSwiftPackageReference;
			repositoryURL = "https://github.com/firebase/firebase-ios-sdk";
			requirement = {
				kind = upToNextMajorVersion;
				minimumVersion = 10.23.0;
			};
		};
		09833BD42B99A0390081E37E /* XCRemoteSwiftPackageReference "Charts" */ = {
			isa = XCRemoteSwiftPackageReference;
			repositoryURL = "https://github.com/danielgindi/Charts.git";
			requirement = {
				kind = upToNextMajorVersion;
				minimumVersion = 5.1.0;
			};
		};
		09833BD72B99A0420081E37E /* XCRemoteSwiftPackageReference "SnapKit" */ = {
			isa = XCRemoteSwiftPackageReference;
			repositoryURL = "https://github.com/SnapKit/SnapKit.git";
			requirement = {
				kind = upToNextMajorVersion;
				minimumVersion = 5.7.1;
			};
		};
		09833BDA2B99A04A0081E37E /* XCRemoteSwiftPackageReference "Kingfisher" */ = {
			isa = XCRemoteSwiftPackageReference;
			repositoryURL = "https://github.com/onevcat/Kingfisher.git";
			requirement = {
				kind = upToNextMajorVersion;
				minimumVersion = 7.11.0;
			};
		};
		09833BDD2B99A0520081E37E /* XCRemoteSwiftPackageReference "Toast-Swift" */ = {
			isa = XCRemoteSwiftPackageReference;
			repositoryURL = "https://github.com/scalessec/Toast-Swift.git";
			requirement = {
				kind = upToNextMajorVersion;
				minimumVersion = 5.1.0;
			};
		};
		09833BE02B99A05D0081E37E /* XCRemoteSwiftPackageReference "Alamofire" */ = {
			isa = XCRemoteSwiftPackageReference;
			repositoryURL = "https://github.com/Alamofire/Alamofire.git";
			requirement = {
				kind = upToNextMajorVersion;
				minimumVersion = 5.9.0;
			};
		};
		09833BE32B99A09D0081E37E /* XCRemoteSwiftPackageReference "realm-swift" */ = {
			isa = XCRemoteSwiftPackageReference;
			repositoryURL = "https://github.com/realm/realm-swift.git";
			requirement = {
				kind = exactVersion;
				version = 10.47.0;
			};
		};
		09833BE82B99A0A90081E37E /* XCRemoteSwiftPackageReference "FSCalendar" */ = {
			isa = XCRemoteSwiftPackageReference;
			repositoryURL = "https://github.com/WenchaoD/FSCalendar.git";
			requirement = {
				kind = upToNextMajorVersion;
				minimumVersion = 2.8.4;
			};
		};
/* End XCRemoteSwiftPackageReference section */

/* Begin XCSwiftPackageProductDependency section */
		0906E9302BAD6D020098DF1A /* Lottie */ = {
			isa = XCSwiftPackageProductDependency;
			package = 0906E92F2BAD6D020098DF1A /* XCRemoteSwiftPackageReference "lottie-ios" */;
			productName = Lottie;
		};
		094BE9EB2BB5281800342DC3 /* FirebaseAnalyticsWithoutAdIdSupport */ = {
			isa = XCSwiftPackageProductDependency;
			package = 094BE9EA2BB5281800342DC3 /* XCRemoteSwiftPackageReference "firebase-ios-sdk" */;
			productName = FirebaseAnalyticsWithoutAdIdSupport;
		};
		094BE9ED2BB5281800342DC3 /* FirebaseCrashlytics */ = {
			isa = XCSwiftPackageProductDependency;
			package = 094BE9EA2BB5281800342DC3 /* XCRemoteSwiftPackageReference "firebase-ios-sdk" */;
			productName = FirebaseCrashlytics;
		};
		094BE9EF2BB5281800342DC3 /* FirebaseMLModelDownloader */ = {
			isa = XCSwiftPackageProductDependency;
			package = 094BE9EA2BB5281800342DC3 /* XCRemoteSwiftPackageReference "firebase-ios-sdk" */;
			productName = FirebaseMLModelDownloader;
		};
		094BE9F12BB5281800342DC3 /* FirebaseMessaging */ = {
			isa = XCSwiftPackageProductDependency;
			package = 094BE9EA2BB5281800342DC3 /* XCRemoteSwiftPackageReference "firebase-ios-sdk" */;
			productName = FirebaseMessaging;
		};
		094BE9F32BB5281800342DC3 /* FirebasePerformance */ = {
			isa = XCSwiftPackageProductDependency;
			package = 094BE9EA2BB5281800342DC3 /* XCRemoteSwiftPackageReference "firebase-ios-sdk" */;
			productName = FirebasePerformance;
		};
		094BE9F52BB5281800342DC3 /* FirebaseRemoteConfig */ = {
			isa = XCSwiftPackageProductDependency;
			package = 094BE9EA2BB5281800342DC3 /* XCRemoteSwiftPackageReference "firebase-ios-sdk" */;
			productName = FirebaseRemoteConfig;
		};
		094BE9F72BB5281800342DC3 /* FirebaseRemoteConfigSwift */ = {
			isa = XCSwiftPackageProductDependency;
			package = 094BE9EA2BB5281800342DC3 /* XCRemoteSwiftPackageReference "firebase-ios-sdk" */;
			productName = FirebaseRemoteConfigSwift;
		};
		094BE9F92BB5281800342DC3 /* FirebaseStorage */ = {
			isa = XCSwiftPackageProductDependency;
			package = 094BE9EA2BB5281800342DC3 /* XCRemoteSwiftPackageReference "firebase-ios-sdk" */;
			productName = FirebaseStorage;
		};
		094BE9FB2BB5281800342DC3 /* FirebaseStorageCombine-Community */ = {
			isa = XCSwiftPackageProductDependency;
			package = 094BE9EA2BB5281800342DC3 /* XCRemoteSwiftPackageReference "firebase-ios-sdk" */;
			productName = "FirebaseStorageCombine-Community";
		};
		09833BD52B99A0390081E37E /* DGCharts */ = {
			isa = XCSwiftPackageProductDependency;
			package = 09833BD42B99A0390081E37E /* XCRemoteSwiftPackageReference "Charts" */;
			productName = DGCharts;
		};
		09833BD82B99A0420081E37E /* SnapKit */ = {
			isa = XCSwiftPackageProductDependency;
			package = 09833BD72B99A0420081E37E /* XCRemoteSwiftPackageReference "SnapKit" */;
			productName = SnapKit;
		};
		09833BDB2B99A04A0081E37E /* Kingfisher */ = {
			isa = XCSwiftPackageProductDependency;
			package = 09833BDA2B99A04A0081E37E /* XCRemoteSwiftPackageReference "Kingfisher" */;
			productName = Kingfisher;
		};
		09833BDE2B99A0520081E37E /* Toast */ = {
			isa = XCSwiftPackageProductDependency;
			package = 09833BDD2B99A0520081E37E /* XCRemoteSwiftPackageReference "Toast-Swift" */;
			productName = Toast;
		};
		09833BE12B99A05D0081E37E /* Alamofire */ = {
			isa = XCSwiftPackageProductDependency;
			package = 09833BE02B99A05D0081E37E /* XCRemoteSwiftPackageReference "Alamofire" */;
			productName = Alamofire;
		};
		09833BE42B99A09D0081E37E /* Realm */ = {
			isa = XCSwiftPackageProductDependency;
			package = 09833BE32B99A09D0081E37E /* XCRemoteSwiftPackageReference "realm-swift" */;
			productName = Realm;
		};
		09833BE62B99A09D0081E37E /* RealmSwift */ = {
			isa = XCSwiftPackageProductDependency;
			package = 09833BE32B99A09D0081E37E /* XCRemoteSwiftPackageReference "realm-swift" */;
			productName = RealmSwift;
		};
		09833BE92B99A0A90081E37E /* FSCalendar */ = {
			isa = XCSwiftPackageProductDependency;
			package = 09833BE82B99A0A90081E37E /* XCRemoteSwiftPackageReference "FSCalendar" */;
			productName = FSCalendar;
		};
/* End XCSwiftPackageProductDependency section */
	};
	rootObject = 09833BA82B9983AC0081E37E /* Project object */;
}
