// !$*UTF8*$!
{
	archiveVersion = 1;
	classes = {
	};
	objectVersion = 56;
	objects = {

/* Begin PBXBuildFile section */
		09833BB42B9983AC0081E37E /* AppDelegate.swift in Sources */ = {isa = PBXBuildFile; fileRef = 09833BB32B9983AC0081E37E /* AppDelegate.swift */; };
		09833BB62B9983AC0081E37E /* SceneDelegate.swift in Sources */ = {isa = PBXBuildFile; fileRef = 09833BB52B9983AC0081E37E /* SceneDelegate.swift */; };
		09833BB82B9983AC0081E37E /* ViewController.swift in Sources */ = {isa = PBXBuildFile; fileRef = 09833BB72B9983AC0081E37E /* ViewController.swift */; };
		09833BBB2B9983AC0081E37E /* Main.storyboard in Resources */ = {isa = PBXBuildFile; fileRef = 09833BB92B9983AC0081E37E /* Main.storyboard */; };
		09833BBD2B9983AE0081E37E /* Assets.xcassets in Resources */ = {isa = PBXBuildFile; fileRef = 09833BBC2B9983AE0081E37E /* Assets.xcassets */; };
		09833BC02B9983AE0081E37E /* LaunchScreen.storyboard in Resources */ = {isa = PBXBuildFile; fileRef = 09833BBE2B9983AE0081E37E /* LaunchScreen.storyboard */; };
		09833BC82B9986020081E37E /* .gitignore in Resources */ = {isa = PBXBuildFile; fileRef = 09833BC72B9986020081E37E /* .gitignore */; };
		09833BD62B99A0390081E37E /* DGCharts in Frameworks */ = {isa = PBXBuildFile; productRef = 09833BD52B99A0390081E37E /* DGCharts */; };
		09833BD92B99A0420081E37E /* SnapKit in Frameworks */ = {isa = PBXBuildFile; productRef = 09833BD82B99A0420081E37E /* SnapKit */; };
		09833BDC2B99A04A0081E37E /* Kingfisher in Frameworks */ = {isa = PBXBuildFile; productRef = 09833BDB2B99A04A0081E37E /* Kingfisher */; };
		09833BDF2B99A0520081E37E /* Toast in Frameworks */ = {isa = PBXBuildFile; productRef = 09833BDE2B99A0520081E37E /* Toast */; };
		09833BE22B99A05D0081E37E /* Alamofire in Frameworks */ = {isa = PBXBuildFile; productRef = 09833BE12B99A05D0081E37E /* Alamofire */; };
		09833BE52B99A09D0081E37E /* Realm in Frameworks */ = {isa = PBXBuildFile; productRef = 09833BE42B99A09D0081E37E /* Realm */; };
		09833BE72B99A09D0081E37E /* RealmSwift in Frameworks */ = {isa = PBXBuildFile; productRef = 09833BE62B99A09D0081E37E /* RealmSwift */; };
		09833BEA2B99A0A90081E37E /* FSCalendar in Frameworks */ = {isa = PBXBuildFile; productRef = 09833BE92B99A0A90081E37E /* FSCalendar */; };
		09833BF42B99A29B0081E37E /* BaseViewController.swift in Sources */ = {isa = PBXBuildFile; fileRef = 09833BF32B99A29B0081E37E /* BaseViewController.swift */; };
		09833BF62B99A2E70081E37E /* BaseCollectionViewCell.swift in Sources */ = {isa = PBXBuildFile; fileRef = 09833BF52B99A2E70081E37E /* BaseCollectionViewCell.swift */; };
		09833BF82B99A31D0081E37E /* BaseTableViewCell.swift in Sources */ = {isa = PBXBuildFile; fileRef = 09833BF72B99A31D0081E37E /* BaseTableViewCell.swift */; };
		09833BFA2B99A3640081E37E /* BaseView.swift in Sources */ = {isa = PBXBuildFile; fileRef = 09833BF92B99A3640081E37E /* BaseView.swift */; };
		09833C002B99A4A80081E37E /* SearchViewController.swift in Sources */ = {isa = PBXBuildFile; fileRef = 09833BFF2B99A4A80081E37E /* SearchViewController.swift */; };
		09833C062B99AAA80081E37E /* UIView+Extension.swift in Sources */ = {isa = PBXBuildFile; fileRef = 09833C052B99AAA80081E37E /* UIView+Extension.swift */; };
		09833C092B99B28D0081E37E /* APIKey.swift in Sources */ = {isa = PBXBuildFile; fileRef = 09833C082B99B28D0081E37E /* APIKey.swift */; };
		09833C0B2B99B2F40081E37E /* APIService.swift in Sources */ = {isa = PBXBuildFile; fileRef = 09833C0A2B99B2F40081E37E /* APIService.swift */; };
		09833C0D2B99B3BC0081E37E /* Supplement.swift in Sources */ = {isa = PBXBuildFile; fileRef = 09833C0C2B99B3BC0081E37E /* Supplement.swift */; };
		09833C0F2B99BD020081E37E /* SupplementAPI.swift in Sources */ = {isa = PBXBuildFile; fileRef = 09833C0E2B99BD020081E37E /* SupplementAPI.swift */; };
		09833C112B99C2740081E37E /* SearchViewModel.swift in Sources */ = {isa = PBXBuildFile; fileRef = 09833C102B99C2740081E37E /* SearchViewModel.swift */; };
		09833C132B99C3080081E37E /* Observable.swift in Sources */ = {isa = PBXBuildFile; fileRef = 09833C122B99C3080081E37E /* Observable.swift */; };
		09911F642B9A0BC50093009D /* SearchResultTableViewCell.swift in Sources */ = {isa = PBXBuildFile; fileRef = 09911F632B9A0BC50093009D /* SearchResultTableViewCell.swift */; };
		09911F662B9A0D1A0093009D /* Helpers.swift in Sources */ = {isa = PBXBuildFile; fileRef = 09911F652B9A0D190093009D /* Helpers.swift */; };
		09ABD4352BA18E9700826A73 /* CalendarViewModel.swift in Sources */ = {isa = PBXBuildFile; fileRef = 09ABD4342BA18E9700826A73 /* CalendarViewModel.swift */; };
		09C156E02B9B4E8E0008F86E /* BaseCollectionReusableView.swift in Sources */ = {isa = PBXBuildFile; fileRef = 09C156DF2B9B4E8E0008F86E /* BaseCollectionReusableView.swift */; };
		09C156F52B9B93790008F86E /* AddViewController.swift in Sources */ = {isa = PBXBuildFile; fileRef = 09C156F42B9B93790008F86E /* AddViewController.swift */; };
		09C156F72B9C2C5D0008F86E /* AddViewModel.swift in Sources */ = {isa = PBXBuildFile; fileRef = 09C156F62B9C2C5D0008F86E /* AddViewModel.swift */; };
		09C156F92B9C2F360008F86E /* TimeSettingViewController.swift in Sources */ = {isa = PBXBuildFile; fileRef = 09C156F82B9C2F360008F86E /* TimeSettingViewController.swift */; };
		09C156FB2B9C49000008F86E /* TimeSettingTableViewCell.swift in Sources */ = {isa = PBXBuildFile; fileRef = 09C156FA2B9C49000008F86E /* TimeSettingTableViewCell.swift */; };
		09C156FF2B9C50E50008F86E /* TimePickerViewController.swift in Sources */ = {isa = PBXBuildFile; fileRef = 09C156FE2B9C50E50008F86E /* TimePickerViewController.swift */; };
		09C157012B9C577D0008F86E /* TimeSettingViewModel.swift in Sources */ = {isa = PBXBuildFile; fileRef = 09C157002B9C577D0008F86E /* TimeSettingViewModel.swift */; };
		09C157032B9C584A0008F86E /* DateFormatterManager.swift in Sources */ = {isa = PBXBuildFile; fileRef = 09C157022B9C584A0008F86E /* DateFormatterManager.swift */; };
		09C157052B9C78C10008F86E /* StartDaySettingViewController.swift in Sources */ = {isa = PBXBuildFile; fileRef = 09C157042B9C78C10008F86E /* StartDaySettingViewController.swift */; };
		09C157072B9C85DF0008F86E /* CycleSettingViewController.swift in Sources */ = {isa = PBXBuildFile; fileRef = 09C157062B9C85DF0008F86E /* CycleSettingViewController.swift */; };
		09C1570A2B9C87510008F86E /* Tabman in Frameworks */ = {isa = PBXBuildFile; productRef = 09C157092B9C87510008F86E /* Tabman */; };
		09C739CF2B9DD1F800B200DE /* DayOfTheWeekViewController.swift in Sources */ = {isa = PBXBuildFile; fileRef = 09C739CE2B9DD1F800B200DE /* DayOfTheWeekViewController.swift */; };
		09C739D12B9DD3D600B200DE /* DayOfTheWeekCollectionViewCell.swift in Sources */ = {isa = PBXBuildFile; fileRef = 09C739D02B9DD3D600B200DE /* DayOfTheWeekCollectionViewCell.swift */; };
		09C739D32B9DD5FA00B200DE /* DayOfTheWeekViewModel.swift in Sources */ = {isa = PBXBuildFile; fileRef = 09C739D22B9DD5FA00B200DE /* DayOfTheWeekViewModel.swift */; };
		09C739D52B9DDE7400B200DE /* DayIntervalViewController.swift in Sources */ = {isa = PBXBuildFile; fileRef = 09C739D42B9DDE7400B200DE /* DayIntervalViewController.swift */; };
		09C739D72B9DDFC800B200DE /* DayIntervalViewModel.swift in Sources */ = {isa = PBXBuildFile; fileRef = 09C739D62B9DDFC800B200DE /* DayIntervalViewModel.swift */; };
		09C739D92B9DFAC900B200DE /* StartDayViewModel.swift in Sources */ = {isa = PBXBuildFile; fileRef = 09C739D82B9DFAC900B200DE /* StartDayViewModel.swift */; };
		09C739DD2B9E058900B200DE /* TimePickerViewModel.swift in Sources */ = {isa = PBXBuildFile; fileRef = 09C739DC2B9E058900B200DE /* TimePickerViewModel.swift */; };
		09C739E22B9ED52F00B200DE /* CalendarViewController.swift in Sources */ = {isa = PBXBuildFile; fileRef = 09C739E12B9ED52F00B200DE /* CalendarViewController.swift */; };
		09C739E42B9F0DC900B200DE /* NameCollectionViewCell.swift in Sources */ = {isa = PBXBuildFile; fileRef = 09C739E32B9F0DC900B200DE /* NameCollectionViewCell.swift */; };
		09C739E62B9F13EA00B200DE /* AmountCollectionViewCell.swift in Sources */ = {isa = PBXBuildFile; fileRef = 09C739E52B9F13EA00B200DE /* AmountCollectionViewCell.swift */; };
		09C739F52BA00F3000B200DE /* CycleSettingViewModel.swift in Sources */ = {isa = PBXBuildFile; fileRef = 09C739F42BA00F3000B200DE /* CycleSettingViewModel.swift */; };
		09C739F82BA049F300B200DE /* SupplementRepository.swift in Sources */ = {isa = PBXBuildFile; fileRef = 09C739F72BA049F300B200DE /* SupplementRepository.swift */; };
		09C739FC2BA04B7800B200DE /* MySupplement.swift in Sources */ = {isa = PBXBuildFile; fileRef = 09C739FB2BA04B7800B200DE /* MySupplement.swift */; };
/* End PBXBuildFile section */

/* Begin PBXFileReference section */
		09833BB02B9983AC0081E37E /* Yakssok.app */ = {isa = PBXFileReference; explicitFileType = wrapper.application; includeInIndex = 0; path = Yakssok.app; sourceTree = BUILT_PRODUCTS_DIR; };
		09833BB32B9983AC0081E37E /* AppDelegate.swift */ = {isa = PBXFileReference; lastKnownFileType = sourcecode.swift; path = AppDelegate.swift; sourceTree = "<group>"; };
		09833BB52B9983AC0081E37E /* SceneDelegate.swift */ = {isa = PBXFileReference; lastKnownFileType = sourcecode.swift; path = SceneDelegate.swift; sourceTree = "<group>"; };
		09833BB72B9983AC0081E37E /* ViewController.swift */ = {isa = PBXFileReference; lastKnownFileType = sourcecode.swift; path = ViewController.swift; sourceTree = "<group>"; };
		09833BBA2B9983AC0081E37E /* Base */ = {isa = PBXFileReference; lastKnownFileType = file.storyboard; name = Base; path = Base.lproj/Main.storyboard; sourceTree = "<group>"; };
		09833BBC2B9983AE0081E37E /* Assets.xcassets */ = {isa = PBXFileReference; lastKnownFileType = folder.assetcatalog; path = Assets.xcassets; sourceTree = "<group>"; };
		09833BBF2B9983AE0081E37E /* Base */ = {isa = PBXFileReference; lastKnownFileType = file.storyboard; name = Base; path = Base.lproj/LaunchScreen.storyboard; sourceTree = "<group>"; };
		09833BC12B9983AE0081E37E /* Info.plist */ = {isa = PBXFileReference; lastKnownFileType = text.plist.xml; path = Info.plist; sourceTree = "<group>"; };
		09833BC72B9986020081E37E /* .gitignore */ = {isa = PBXFileReference; lastKnownFileType = text; path = .gitignore; sourceTree = "<group>"; };
		09833BF32B99A29B0081E37E /* BaseViewController.swift */ = {isa = PBXFileReference; lastKnownFileType = sourcecode.swift; path = BaseViewController.swift; sourceTree = "<group>"; };
		09833BF52B99A2E70081E37E /* BaseCollectionViewCell.swift */ = {isa = PBXFileReference; lastKnownFileType = sourcecode.swift; path = BaseCollectionViewCell.swift; sourceTree = "<group>"; };
		09833BF72B99A31D0081E37E /* BaseTableViewCell.swift */ = {isa = PBXFileReference; lastKnownFileType = sourcecode.swift; path = BaseTableViewCell.swift; sourceTree = "<group>"; };
		09833BF92B99A3640081E37E /* BaseView.swift */ = {isa = PBXFileReference; lastKnownFileType = sourcecode.swift; path = BaseView.swift; sourceTree = "<group>"; };
		09833BFF2B99A4A80081E37E /* SearchViewController.swift */ = {isa = PBXFileReference; lastKnownFileType = sourcecode.swift; path = SearchViewController.swift; sourceTree = "<group>"; };
		09833C052B99AAA80081E37E /* UIView+Extension.swift */ = {isa = PBXFileReference; lastKnownFileType = sourcecode.swift; path = "UIView+Extension.swift"; sourceTree = "<group>"; };
		09833C082B99B28D0081E37E /* APIKey.swift */ = {isa = PBXFileReference; lastKnownFileType = sourcecode.swift; path = APIKey.swift; sourceTree = "<group>"; };
		09833C0A2B99B2F40081E37E /* APIService.swift */ = {isa = PBXFileReference; lastKnownFileType = sourcecode.swift; path = APIService.swift; sourceTree = "<group>"; };
		09833C0C2B99B3BC0081E37E /* Supplement.swift */ = {isa = PBXFileReference; lastKnownFileType = sourcecode.swift; path = Supplement.swift; sourceTree = "<group>"; };
		09833C0E2B99BD020081E37E /* SupplementAPI.swift */ = {isa = PBXFileReference; lastKnownFileType = sourcecode.swift; path = SupplementAPI.swift; sourceTree = "<group>"; };
		09833C102B99C2740081E37E /* SearchViewModel.swift */ = {isa = PBXFileReference; lastKnownFileType = sourcecode.swift; path = SearchViewModel.swift; sourceTree = "<group>"; };
		09833C122B99C3080081E37E /* Observable.swift */ = {isa = PBXFileReference; lastKnownFileType = sourcecode.swift; path = Observable.swift; sourceTree = "<group>"; };
		09911F632B9A0BC50093009D /* SearchResultTableViewCell.swift */ = {isa = PBXFileReference; lastKnownFileType = sourcecode.swift; path = SearchResultTableViewCell.swift; sourceTree = "<group>"; };
		09911F652B9A0D190093009D /* Helpers.swift */ = {isa = PBXFileReference; lastKnownFileType = sourcecode.swift; path = Helpers.swift; sourceTree = "<group>"; };
		09ABD4342BA18E9700826A73 /* CalendarViewModel.swift */ = {isa = PBXFileReference; lastKnownFileType = sourcecode.swift; path = CalendarViewModel.swift; sourceTree = "<group>"; };
		09C156DF2B9B4E8E0008F86E /* BaseCollectionReusableView.swift */ = {isa = PBXFileReference; lastKnownFileType = sourcecode.swift; path = BaseCollectionReusableView.swift; sourceTree = "<group>"; };
		09C156F42B9B93790008F86E /* AddViewController.swift */ = {isa = PBXFileReference; lastKnownFileType = sourcecode.swift; path = AddViewController.swift; sourceTree = "<group>"; };
		09C156F62B9C2C5D0008F86E /* AddViewModel.swift */ = {isa = PBXFileReference; lastKnownFileType = sourcecode.swift; path = AddViewModel.swift; sourceTree = "<group>"; };
		09C156F82B9C2F360008F86E /* TimeSettingViewController.swift */ = {isa = PBXFileReference; lastKnownFileType = sourcecode.swift; path = TimeSettingViewController.swift; sourceTree = "<group>"; };
		09C156FA2B9C49000008F86E /* TimeSettingTableViewCell.swift */ = {isa = PBXFileReference; lastKnownFileType = sourcecode.swift; path = TimeSettingTableViewCell.swift; sourceTree = "<group>"; };
		09C156FE2B9C50E50008F86E /* TimePickerViewController.swift */ = {isa = PBXFileReference; lastKnownFileType = sourcecode.swift; path = TimePickerViewController.swift; sourceTree = "<group>"; };
		09C157002B9C577D0008F86E /* TimeSettingViewModel.swift */ = {isa = PBXFileReference; lastKnownFileType = sourcecode.swift; path = TimeSettingViewModel.swift; sourceTree = "<group>"; };
		09C157022B9C584A0008F86E /* DateFormatterManager.swift */ = {isa = PBXFileReference; lastKnownFileType = sourcecode.swift; path = DateFormatterManager.swift; sourceTree = "<group>"; };
		09C157042B9C78C10008F86E /* StartDaySettingViewController.swift */ = {isa = PBXFileReference; lastKnownFileType = sourcecode.swift; path = StartDaySettingViewController.swift; sourceTree = "<group>"; };
		09C157062B9C85DF0008F86E /* CycleSettingViewController.swift */ = {isa = PBXFileReference; lastKnownFileType = sourcecode.swift; path = CycleSettingViewController.swift; sourceTree = "<group>"; };
		09C739CE2B9DD1F800B200DE /* DayOfTheWeekViewController.swift */ = {isa = PBXFileReference; lastKnownFileType = sourcecode.swift; path = DayOfTheWeekViewController.swift; sourceTree = "<group>"; };
		09C739D02B9DD3D600B200DE /* DayOfTheWeekCollectionViewCell.swift */ = {isa = PBXFileReference; lastKnownFileType = sourcecode.swift; path = DayOfTheWeekCollectionViewCell.swift; sourceTree = "<group>"; };
		09C739D22B9DD5FA00B200DE /* DayOfTheWeekViewModel.swift */ = {isa = PBXFileReference; lastKnownFileType = sourcecode.swift; path = DayOfTheWeekViewModel.swift; sourceTree = "<group>"; };
		09C739D42B9DDE7400B200DE /* DayIntervalViewController.swift */ = {isa = PBXFileReference; lastKnownFileType = sourcecode.swift; path = DayIntervalViewController.swift; sourceTree = "<group>"; };
		09C739D62B9DDFC800B200DE /* DayIntervalViewModel.swift */ = {isa = PBXFileReference; lastKnownFileType = sourcecode.swift; path = DayIntervalViewModel.swift; sourceTree = "<group>"; };
		09C739D82B9DFAC900B200DE /* StartDayViewModel.swift */ = {isa = PBXFileReference; lastKnownFileType = sourcecode.swift; path = StartDayViewModel.swift; sourceTree = "<group>"; };
		09C739DC2B9E058900B200DE /* TimePickerViewModel.swift */ = {isa = PBXFileReference; lastKnownFileType = sourcecode.swift; path = TimePickerViewModel.swift; sourceTree = "<group>"; };
		09C739E12B9ED52F00B200DE /* CalendarViewController.swift */ = {isa = PBXFileReference; lastKnownFileType = sourcecode.swift; path = CalendarViewController.swift; sourceTree = "<group>"; };
		09C739E32B9F0DC900B200DE /* NameCollectionViewCell.swift */ = {isa = PBXFileReference; lastKnownFileType = sourcecode.swift; path = NameCollectionViewCell.swift; sourceTree = "<group>"; };
		09C739E52B9F13EA00B200DE /* AmountCollectionViewCell.swift */ = {isa = PBXFileReference; lastKnownFileType = sourcecode.swift; path = AmountCollectionViewCell.swift; sourceTree = "<group>"; };
		09C739F42BA00F3000B200DE /* CycleSettingViewModel.swift */ = {isa = PBXFileReference; lastKnownFileType = sourcecode.swift; path = CycleSettingViewModel.swift; sourceTree = "<group>"; };
		09C739F72BA049F300B200DE /* SupplementRepository.swift */ = {isa = PBXFileReference; lastKnownFileType = sourcecode.swift; path = SupplementRepository.swift; sourceTree = "<group>"; };
		09C739FB2BA04B7800B200DE /* MySupplement.swift */ = {isa = PBXFileReference; lastKnownFileType = sourcecode.swift; path = MySupplement.swift; sourceTree = "<group>"; };
/* End PBXFileReference section */

/* Begin PBXFrameworksBuildPhase section */
		09833BAD2B9983AC0081E37E /* Frameworks */ = {
			isa = PBXFrameworksBuildPhase;
			buildActionMask = 2147483647;
			files = (
				09833BE52B99A09D0081E37E /* Realm in Frameworks */,
				09833BE22B99A05D0081E37E /* Alamofire in Frameworks */,
				09833BE72B99A09D0081E37E /* RealmSwift in Frameworks */,
				09833BDF2B99A0520081E37E /* Toast in Frameworks */,
				09833BDC2B99A04A0081E37E /* Kingfisher in Frameworks */,
				09C1570A2B9C87510008F86E /* Tabman in Frameworks */,
				09833BEA2B99A0A90081E37E /* FSCalendar in Frameworks */,
				09833BD62B99A0390081E37E /* DGCharts in Frameworks */,
				09833BD92B99A0420081E37E /* SnapKit in Frameworks */,
			);
			runOnlyForDeploymentPostprocessing = 0;
		};
/* End PBXFrameworksBuildPhase section */

/* Begin PBXGroup section */
		09833BA72B9983AC0081E37E = {
			isa = PBXGroup;
			children = (
				09833BC72B9986020081E37E /* .gitignore */,
				09833BB22B9983AC0081E37E /* Yakssok */,
				09833BB12B9983AC0081E37E /* Products */,
			);
			sourceTree = "<group>";
		};
		09833BB12B9983AC0081E37E /* Products */ = {
			isa = PBXGroup;
			children = (
				09833BB02B9983AC0081E37E /* Yakssok.app */,
			);
			name = Products;
			sourceTree = "<group>";
		};
		09833BB22B9983AC0081E37E /* Yakssok */ = {
			isa = PBXGroup;
			children = (
				09C739F62BA049D900B200DE /* Realm */,
				09C739E02B9ED4F300B200DE /* Calendar */,
				09C156C12B9AFBFF0008F86E /* Add */,
				09833BFE2B99A49F0081E37E /* Search */,
				09833C072B99B2830081E37E /* Network */,
				09833C042B99AA990081E37E /* Extension */,
				09833BF22B99A2940081E37E /* Base */,
				09833BB32B9983AC0081E37E /* AppDelegate.swift */,
				09833BB52B9983AC0081E37E /* SceneDelegate.swift */,
				09833BB72B9983AC0081E37E /* ViewController.swift */,
				09833BB92B9983AC0081E37E /* Main.storyboard */,
				09833BBC2B9983AE0081E37E /* Assets.xcassets */,
				09833BBE2B9983AE0081E37E /* LaunchScreen.storyboard */,
				09833BC12B9983AE0081E37E /* Info.plist */,
				09833C122B99C3080081E37E /* Observable.swift */,
				09911F652B9A0D190093009D /* Helpers.swift */,
				09C157022B9C584A0008F86E /* DateFormatterManager.swift */,
			);
			path = Yakssok;
			sourceTree = "<group>";
		};
		09833BF22B99A2940081E37E /* Base */ = {
			isa = PBXGroup;
			children = (
				09833BF92B99A3640081E37E /* BaseView.swift */,
				09833BF32B99A29B0081E37E /* BaseViewController.swift */,
				09833BF72B99A31D0081E37E /* BaseTableViewCell.swift */,
				09833BF52B99A2E70081E37E /* BaseCollectionViewCell.swift */,
				09C156DF2B9B4E8E0008F86E /* BaseCollectionReusableView.swift */,
			);
			path = Base;
			sourceTree = "<group>";
		};
		09833BFE2B99A49F0081E37E /* Search */ = {
			isa = PBXGroup;
			children = (
				09833C102B99C2740081E37E /* SearchViewModel.swift */,
				09833BFF2B99A4A80081E37E /* SearchViewController.swift */,
				09911F632B9A0BC50093009D /* SearchResultTableViewCell.swift */,
			);
			path = Search;
			sourceTree = "<group>";
		};
		09833C042B99AA990081E37E /* Extension */ = {
			isa = PBXGroup;
			children = (
				09833C052B99AAA80081E37E /* UIView+Extension.swift */,
			);
			path = Extension;
			sourceTree = "<group>";
		};
		09833C072B99B2830081E37E /* Network */ = {
			isa = PBXGroup;
			children = (
				09833C082B99B28D0081E37E /* APIKey.swift */,
				09833C0A2B99B2F40081E37E /* APIService.swift */,
				09833C0E2B99BD020081E37E /* SupplementAPI.swift */,
				09833C0C2B99B3BC0081E37E /* Supplement.swift */,
			);
			path = Network;
			sourceTree = "<group>";
		};
		09C156C12B9AFBFF0008F86E /* Add */ = {
			isa = PBXGroup;
			children = (
				09C156F62B9C2C5D0008F86E /* AddViewModel.swift */,
				09C156F42B9B93790008F86E /* AddViewController.swift */,
				09C739E32B9F0DC900B200DE /* NameCollectionViewCell.swift */,
				09C739E52B9F13EA00B200DE /* AmountCollectionViewCell.swift */,
				09C739C02B9DBB1600B200DE /* StartDay */,
				09C739C12B9DBB1E00B200DE /* Cycle */,
				09C739C22B9DBB3500B200DE /* Time */,
			);
			path = Add;
			sourceTree = "<group>";
		};
		09C739C02B9DBB1600B200DE /* StartDay */ = {
			isa = PBXGroup;
			children = (
				09C739D82B9DFAC900B200DE /* StartDayViewModel.swift */,
				09C157042B9C78C10008F86E /* StartDaySettingViewController.swift */,
			);
			path = StartDay;
			sourceTree = "<group>";
		};
		09C739C12B9DBB1E00B200DE /* Cycle */ = {
			isa = PBXGroup;
			children = (
				09C739F42BA00F3000B200DE /* CycleSettingViewModel.swift */,
				09C157062B9C85DF0008F86E /* CycleSettingViewController.swift */,
				09C739D62B9DDFC800B200DE /* DayIntervalViewModel.swift */,
				09C739D42B9DDE7400B200DE /* DayIntervalViewController.swift */,
				09C739D22B9DD5FA00B200DE /* DayOfTheWeekViewModel.swift */,
				09C739CE2B9DD1F800B200DE /* DayOfTheWeekViewController.swift */,
				09C739D02B9DD3D600B200DE /* DayOfTheWeekCollectionViewCell.swift */,
			);
			path = Cycle;
			sourceTree = "<group>";
		};
		09C739C22B9DBB3500B200DE /* Time */ = {
			isa = PBXGroup;
			children = (
				09C157002B9C577D0008F86E /* TimeSettingViewModel.swift */,
				09C156F82B9C2F360008F86E /* TimeSettingViewController.swift */,
				09C739DC2B9E058900B200DE /* TimePickerViewModel.swift */,
				09C156FE2B9C50E50008F86E /* TimePickerViewController.swift */,
				09C156FA2B9C49000008F86E /* TimeSettingTableViewCell.swift */,
			);
			path = Time;
			sourceTree = "<group>";
		};
		09C739E02B9ED4F300B200DE /* Calendar */ = {
			isa = PBXGroup;
			children = (
				09ABD4342BA18E9700826A73 /* CalendarViewModel.swift */,
				09C739E12B9ED52F00B200DE /* CalendarViewController.swift */,
			);
			path = Calendar;
			sourceTree = "<group>";
		};
		09C739F62BA049D900B200DE /* Realm */ = {
			isa = PBXGroup;
			children = (
				09C739FB2BA04B7800B200DE /* MySupplement.swift */,
				09C739F72BA049F300B200DE /* SupplementRepository.swift */,
			);
			path = Realm;
			sourceTree = "<group>";
		};
/* End PBXGroup section */

/* Begin PBXNativeTarget section */
		09833BAF2B9983AC0081E37E /* Yakssok */ = {
			isa = PBXNativeTarget;
			buildConfigurationList = 09833BC42B9983AE0081E37E /* Build configuration list for PBXNativeTarget "Yakssok" */;
			buildPhases = (
				09833BAC2B9983AC0081E37E /* Sources */,
				09833BAD2B9983AC0081E37E /* Frameworks */,
				09833BAE2B9983AC0081E37E /* Resources */,
			);
			buildRules = (
			);
			dependencies = (
			);
			name = Yakssok;
			packageProductDependencies = (
				09833BD52B99A0390081E37E /* DGCharts */,
				09833BD82B99A0420081E37E /* SnapKit */,
				09833BDB2B99A04A0081E37E /* Kingfisher */,
				09833BDE2B99A0520081E37E /* Toast */,
				09833BE12B99A05D0081E37E /* Alamofire */,
				09833BE42B99A09D0081E37E /* Realm */,
				09833BE62B99A09D0081E37E /* RealmSwift */,
				09833BE92B99A0A90081E37E /* FSCalendar */,
				09C157092B9C87510008F86E /* Tabman */,
			);
			productName = Yakssok;
			productReference = 09833BB02B9983AC0081E37E /* Yakssok.app */;
			productType = "com.apple.product-type.application";
		};
/* End PBXNativeTarget section */

/* Begin PBXProject section */
		09833BA82B9983AC0081E37E /* Project object */ = {
			isa = PBXProject;
			attributes = {
				BuildIndependentTargetsInParallel = 1;
				LastSwiftUpdateCheck = 1510;
				LastUpgradeCheck = 1510;
				TargetAttributes = {
					09833BAF2B9983AC0081E37E = {
						CreatedOnToolsVersion = 15.1;
					};
				};
			};
			buildConfigurationList = 09833BAB2B9983AC0081E37E /* Build configuration list for PBXProject "Yakssok" */;
			compatibilityVersion = "Xcode 14.0";
			developmentRegion = en;
			hasScannedForEncodings = 0;
			knownRegions = (
				en,
				Base,
			);
			mainGroup = 09833BA72B9983AC0081E37E;
			packageReferences = (
				09833BD42B99A0390081E37E /* XCRemoteSwiftPackageReference "Charts" */,
				09833BD72B99A0420081E37E /* XCRemoteSwiftPackageReference "SnapKit" */,
				09833BDA2B99A04A0081E37E /* XCRemoteSwiftPackageReference "Kingfisher" */,
				09833BDD2B99A0520081E37E /* XCRemoteSwiftPackageReference "Toast-Swift" */,
				09833BE02B99A05D0081E37E /* XCRemoteSwiftPackageReference "Alamofire" */,
				09833BE32B99A09D0081E37E /* XCRemoteSwiftPackageReference "realm-swift" */,
				09833BE82B99A0A90081E37E /* XCRemoteSwiftPackageReference "FSCalendar" */,
				09C157082B9C87510008F86E /* XCRemoteSwiftPackageReference "Tabman" */,
			);
			productRefGroup = 09833BB12B9983AC0081E37E /* Products */;
			projectDirPath = "";
			projectRoot = "";
			targets = (
				09833BAF2B9983AC0081E37E /* Yakssok */,
			);
		};
/* End PBXProject section */

/* Begin PBXResourcesBuildPhase section */
		09833BAE2B9983AC0081E37E /* Resources */ = {
			isa = PBXResourcesBuildPhase;
			buildActionMask = 2147483647;
			files = (
				09833BC82B9986020081E37E /* .gitignore in Resources */,
				09833BC02B9983AE0081E37E /* LaunchScreen.storyboard in Resources */,
				09833BBD2B9983AE0081E37E /* Assets.xcassets in Resources */,
				09833BBB2B9983AC0081E37E /* Main.storyboard in Resources */,
			);
			runOnlyForDeploymentPostprocessing = 0;
		};
/* End PBXResourcesBuildPhase section */

/* Begin PBXSourcesBuildPhase section */
		09833BAC2B9983AC0081E37E /* Sources */ = {
			isa = PBXSourcesBuildPhase;
			buildActionMask = 2147483647;
			files = (
				09833C132B99C3080081E37E /* Observable.swift in Sources */,
				09C739D52B9DDE7400B200DE /* DayIntervalViewController.swift in Sources */,
				09C157032B9C584A0008F86E /* DateFormatterManager.swift in Sources */,
				09833BF62B99A2E70081E37E /* BaseCollectionViewCell.swift in Sources */,
				09833BB82B9983AC0081E37E /* ViewController.swift in Sources */,
				09C739E22B9ED52F00B200DE /* CalendarViewController.swift in Sources */,
				09ABD4352BA18E9700826A73 /* CalendarViewModel.swift in Sources */,
				09C156FB2B9C49000008F86E /* TimeSettingTableViewCell.swift in Sources */,
				09833C002B99A4A80081E37E /* SearchViewController.swift in Sources */,
				09C156F92B9C2F360008F86E /* TimeSettingViewController.swift in Sources */,
				09C157012B9C577D0008F86E /* TimeSettingViewModel.swift in Sources */,
				09833BF42B99A29B0081E37E /* BaseViewController.swift in Sources */,
				09833BB42B9983AC0081E37E /* AppDelegate.swift in Sources */,
				09C739F82BA049F300B200DE /* SupplementRepository.swift in Sources */,
				09C739F52BA00F3000B200DE /* CycleSettingViewModel.swift in Sources */,
				09C739E62B9F13EA00B200DE /* AmountCollectionViewCell.swift in Sources */,
				09833BFA2B99A3640081E37E /* BaseView.swift in Sources */,
				09C156F72B9C2C5D0008F86E /* AddViewModel.swift in Sources */,
				09833C112B99C2740081E37E /* SearchViewModel.swift in Sources */,
				09C739D12B9DD3D600B200DE /* DayOfTheWeekCollectionViewCell.swift in Sources */,
				09833C092B99B28D0081E37E /* APIKey.swift in Sources */,
				09C157072B9C85DF0008F86E /* CycleSettingViewController.swift in Sources */,
				09C156FF2B9C50E50008F86E /* TimePickerViewController.swift in Sources */,
				09C739E42B9F0DC900B200DE /* NameCollectionViewCell.swift in Sources */,
				09833C0F2B99BD020081E37E /* SupplementAPI.swift in Sources */,
				09C739FC2BA04B7800B200DE /* MySupplement.swift in Sources */,
				09C739DD2B9E058900B200DE /* TimePickerViewModel.swift in Sources */,
				09C739D32B9DD5FA00B200DE /* DayOfTheWeekViewModel.swift in Sources */,
				09833BF82B99A31D0081E37E /* BaseTableViewCell.swift in Sources */,
				09C739CF2B9DD1F800B200DE /* DayOfTheWeekViewController.swift in Sources */,
				09C157052B9C78C10008F86E /* StartDaySettingViewController.swift in Sources */,
				09C739D72B9DDFC800B200DE /* DayIntervalViewModel.swift in Sources */,
				09911F642B9A0BC50093009D /* SearchResultTableViewCell.swift in Sources */,
				09911F662B9A0D1A0093009D /* Helpers.swift in Sources */,
				09C739D92B9DFAC900B200DE /* StartDayViewModel.swift in Sources */,
				09833C062B99AAA80081E37E /* UIView+Extension.swift in Sources */,
				09833C0B2B99B2F40081E37E /* APIService.swift in Sources */,
				09C156F52B9B93790008F86E /* AddViewController.swift in Sources */,
				09C156E02B9B4E8E0008F86E /* BaseCollectionReusableView.swift in Sources */,
				09833BB62B9983AC0081E37E /* SceneDelegate.swift in Sources */,
				09833C0D2B99B3BC0081E37E /* Supplement.swift in Sources */,
			);
			runOnlyForDeploymentPostprocessing = 0;
		};
/* End PBXSourcesBuildPhase section */

/* Begin PBXVariantGroup section */
		09833BB92B9983AC0081E37E /* Main.storyboard */ = {
			isa = PBXVariantGroup;
			children = (
				09833BBA2B9983AC0081E37E /* Base */,
			);
			name = Main.storyboard;
			sourceTree = "<group>";
		};
		09833BBE2B9983AE0081E37E /* LaunchScreen.storyboard */ = {
			isa = PBXVariantGroup;
			children = (
				09833BBF2B9983AE0081E37E /* Base */,
			);
			name = LaunchScreen.storyboard;
			sourceTree = "<group>";
		};
/* End PBXVariantGroup section */

/* Begin XCBuildConfiguration section */
		09833BC22B9983AE0081E37E /* Debug */ = {
			isa = XCBuildConfiguration;
			buildSettings = {
				ALWAYS_SEARCH_USER_PATHS = NO;
				ASSETCATALOG_COMPILER_GENERATE_SWIFT_ASSET_SYMBOL_EXTENSIONS = YES;
				CLANG_ANALYZER_NONNULL = YES;
				CLANG_ANALYZER_NUMBER_OBJECT_CONVERSION = YES_AGGRESSIVE;
				CLANG_CXX_LANGUAGE_STANDARD = "gnu++20";
				CLANG_ENABLE_MODULES = YES;
				CLANG_ENABLE_OBJC_ARC = YES;
				CLANG_ENABLE_OBJC_WEAK = YES;
				CLANG_WARN_BLOCK_CAPTURE_AUTORELEASING = YES;
				CLANG_WARN_BOOL_CONVERSION = YES;
				CLANG_WARN_COMMA = YES;
				CLANG_WARN_CONSTANT_CONVERSION = YES;
				CLANG_WARN_DEPRECATED_OBJC_IMPLEMENTATIONS = YES;
				CLANG_WARN_DIRECT_OBJC_ISA_USAGE = YES_ERROR;
				CLANG_WARN_DOCUMENTATION_COMMENTS = YES;
				CLANG_WARN_EMPTY_BODY = YES;
				CLANG_WARN_ENUM_CONVERSION = YES;
				CLANG_WARN_INFINITE_RECURSION = YES;
				CLANG_WARN_INT_CONVERSION = YES;
				CLANG_WARN_NON_LITERAL_NULL_CONVERSION = YES;
				CLANG_WARN_OBJC_IMPLICIT_RETAIN_SELF = YES;
				CLANG_WARN_OBJC_LITERAL_CONVERSION = YES;
				CLANG_WARN_OBJC_ROOT_CLASS = YES_ERROR;
				CLANG_WARN_QUOTED_INCLUDE_IN_FRAMEWORK_HEADER = YES;
				CLANG_WARN_RANGE_LOOP_ANALYSIS = YES;
				CLANG_WARN_STRICT_PROTOTYPES = YES;
				CLANG_WARN_SUSPICIOUS_MOVE = YES;
				CLANG_WARN_UNGUARDED_AVAILABILITY = YES_AGGRESSIVE;
				CLANG_WARN_UNREACHABLE_CODE = YES;
				CLANG_WARN__DUPLICATE_METHOD_MATCH = YES;
				COPY_PHASE_STRIP = NO;
				DEBUG_INFORMATION_FORMAT = dwarf;
				ENABLE_STRICT_OBJC_MSGSEND = YES;
				ENABLE_TESTABILITY = YES;
				ENABLE_USER_SCRIPT_SANDBOXING = YES;
				GCC_C_LANGUAGE_STANDARD = gnu17;
				GCC_DYNAMIC_NO_PIC = NO;
				GCC_NO_COMMON_BLOCKS = YES;
				GCC_OPTIMIZATION_LEVEL = 0;
				GCC_PREPROCESSOR_DEFINITIONS = (
					"DEBUG=1",
					"$(inherited)",
				);
				GCC_WARN_64_TO_32_BIT_CONVERSION = YES;
				GCC_WARN_ABOUT_RETURN_TYPE = YES_ERROR;
				GCC_WARN_UNDECLARED_SELECTOR = YES;
				GCC_WARN_UNINITIALIZED_AUTOS = YES_AGGRESSIVE;
				GCC_WARN_UNUSED_FUNCTION = YES;
				GCC_WARN_UNUSED_VARIABLE = YES;
				IPHONEOS_DEPLOYMENT_TARGET = 17.2;
				LOCALIZATION_PREFERS_STRING_CATALOGS = YES;
				MTL_ENABLE_DEBUG_INFO = INCLUDE_SOURCE;
				MTL_FAST_MATH = YES;
				ONLY_ACTIVE_ARCH = YES;
				SDKROOT = iphoneos;
				SWIFT_ACTIVE_COMPILATION_CONDITIONS = "DEBUG $(inherited)";
				SWIFT_OPTIMIZATION_LEVEL = "-Onone";
			};
			name = Debug;
		};
		09833BC32B9983AE0081E37E /* Release */ = {
			isa = XCBuildConfiguration;
			buildSettings = {
				ALWAYS_SEARCH_USER_PATHS = NO;
				ASSETCATALOG_COMPILER_GENERATE_SWIFT_ASSET_SYMBOL_EXTENSIONS = YES;
				CLANG_ANALYZER_NONNULL = YES;
				CLANG_ANALYZER_NUMBER_OBJECT_CONVERSION = YES_AGGRESSIVE;
				CLANG_CXX_LANGUAGE_STANDARD = "gnu++20";
				CLANG_ENABLE_MODULES = YES;
				CLANG_ENABLE_OBJC_ARC = YES;
				CLANG_ENABLE_OBJC_WEAK = YES;
				CLANG_WARN_BLOCK_CAPTURE_AUTORELEASING = YES;
				CLANG_WARN_BOOL_CONVERSION = YES;
				CLANG_WARN_COMMA = YES;
				CLANG_WARN_CONSTANT_CONVERSION = YES;
				CLANG_WARN_DEPRECATED_OBJC_IMPLEMENTATIONS = YES;
				CLANG_WARN_DIRECT_OBJC_ISA_USAGE = YES_ERROR;
				CLANG_WARN_DOCUMENTATION_COMMENTS = YES;
				CLANG_WARN_EMPTY_BODY = YES;
				CLANG_WARN_ENUM_CONVERSION = YES;
				CLANG_WARN_INFINITE_RECURSION = YES;
				CLANG_WARN_INT_CONVERSION = YES;
				CLANG_WARN_NON_LITERAL_NULL_CONVERSION = YES;
				CLANG_WARN_OBJC_IMPLICIT_RETAIN_SELF = YES;
				CLANG_WARN_OBJC_LITERAL_CONVERSION = YES;
				CLANG_WARN_OBJC_ROOT_CLASS = YES_ERROR;
				CLANG_WARN_QUOTED_INCLUDE_IN_FRAMEWORK_HEADER = YES;
				CLANG_WARN_RANGE_LOOP_ANALYSIS = YES;
				CLANG_WARN_STRICT_PROTOTYPES = YES;
				CLANG_WARN_SUSPICIOUS_MOVE = YES;
				CLANG_WARN_UNGUARDED_AVAILABILITY = YES_AGGRESSIVE;
				CLANG_WARN_UNREACHABLE_CODE = YES;
				CLANG_WARN__DUPLICATE_METHOD_MATCH = YES;
				COPY_PHASE_STRIP = NO;
				DEBUG_INFORMATION_FORMAT = "dwarf-with-dsym";
				ENABLE_NS_ASSERTIONS = NO;
				ENABLE_STRICT_OBJC_MSGSEND = YES;
				ENABLE_USER_SCRIPT_SANDBOXING = YES;
				GCC_C_LANGUAGE_STANDARD = gnu17;
				GCC_NO_COMMON_BLOCKS = YES;
				GCC_WARN_64_TO_32_BIT_CONVERSION = YES;
				GCC_WARN_ABOUT_RETURN_TYPE = YES_ERROR;
				GCC_WARN_UNDECLARED_SELECTOR = YES;
				GCC_WARN_UNINITIALIZED_AUTOS = YES_AGGRESSIVE;
				GCC_WARN_UNUSED_FUNCTION = YES;
				GCC_WARN_UNUSED_VARIABLE = YES;
				IPHONEOS_DEPLOYMENT_TARGET = 17.2;
				LOCALIZATION_PREFERS_STRING_CATALOGS = YES;
				MTL_ENABLE_DEBUG_INFO = NO;
				MTL_FAST_MATH = YES;
				SDKROOT = iphoneos;
				SWIFT_COMPILATION_MODE = wholemodule;
				VALIDATE_PRODUCT = YES;
			};
			name = Release;
		};
		09833BC52B9983AE0081E37E /* Debug */ = {
			isa = XCBuildConfiguration;
			buildSettings = {
				ASSETCATALOG_COMPILER_APPICON_NAME = AppIcon;
				ASSETCATALOG_COMPILER_GLOBAL_ACCENT_COLOR_NAME = AccentColor;
				CODE_SIGN_STYLE = Automatic;
				CURRENT_PROJECT_VERSION = 1;
				GENERATE_INFOPLIST_FILE = YES;
				INFOPLIST_FILE = Yakssok/Info.plist;
				INFOPLIST_KEY_UIApplicationSupportsIndirectInputEvents = YES;
				INFOPLIST_KEY_UILaunchStoryboardName = LaunchScreen;
				INFOPLIST_KEY_UIMainStoryboardFile = Main;
				INFOPLIST_KEY_UISupportedInterfaceOrientations = UIInterfaceOrientationPortrait;
				INFOPLIST_KEY_UISupportedInterfaceOrientations_iPad = "UIInterfaceOrientationLandscapeLeft UIInterfaceOrientationLandscapeRight UIInterfaceOrientationPortrait UIInterfaceOrientationPortraitUpsideDown";
				IPHONEOS_DEPLOYMENT_TARGET = 16.0;
				LD_RUNPATH_SEARCH_PATHS = (
					"$(inherited)",
					"@executable_path/Frameworks",
				);
				MARKETING_VERSION = 1.0;
				PRODUCT_BUNDLE_IDENTIFIER = com.j.Yakssok;
				PRODUCT_NAME = "$(TARGET_NAME)";
				SUPPORTED_PLATFORMS = "iphoneos iphonesimulator";
				SUPPORTS_MACCATALYST = NO;
				SUPPORTS_MAC_DESIGNED_FOR_IPHONE_IPAD = NO;
				SWIFT_EMIT_LOC_STRINGS = YES;
				SWIFT_VERSION = 5.0;
				TARGETED_DEVICE_FAMILY = 1;
			};
			name = Debug;
		};
		09833BC62B9983AE0081E37E /* Release */ = {
			isa = XCBuildConfiguration;
			buildSettings = {
				ASSETCATALOG_COMPILER_APPICON_NAME = AppIcon;
				ASSETCATALOG_COMPILER_GLOBAL_ACCENT_COLOR_NAME = AccentColor;
				CODE_SIGN_STYLE = Automatic;
				CURRENT_PROJECT_VERSION = 1;
				GENERATE_INFOPLIST_FILE = YES;
				INFOPLIST_FILE = Yakssok/Info.plist;
				INFOPLIST_KEY_UIApplicationSupportsIndirectInputEvents = YES;
				INFOPLIST_KEY_UILaunchStoryboardName = LaunchScreen;
				INFOPLIST_KEY_UIMainStoryboardFile = Main;
				INFOPLIST_KEY_UISupportedInterfaceOrientations = UIInterfaceOrientationPortrait;
				INFOPLIST_KEY_UISupportedInterfaceOrientations_iPad = "UIInterfaceOrientationLandscapeLeft UIInterfaceOrientationLandscapeRight UIInterfaceOrientationPortrait UIInterfaceOrientationPortraitUpsideDown";
				IPHONEOS_DEPLOYMENT_TARGET = 16.0;
				LD_RUNPATH_SEARCH_PATHS = (
					"$(inherited)",
					"@executable_path/Frameworks",
				);
				MARKETING_VERSION = 1.0;
				PRODUCT_BUNDLE_IDENTIFIER = com.j.Yakssok;
				PRODUCT_NAME = "$(TARGET_NAME)";
				SUPPORTED_PLATFORMS = "iphoneos iphonesimulator";
				SUPPORTS_MACCATALYST = NO;
				SUPPORTS_MAC_DESIGNED_FOR_IPHONE_IPAD = NO;
				SWIFT_EMIT_LOC_STRINGS = YES;
				SWIFT_VERSION = 5.0;
				TARGETED_DEVICE_FAMILY = 1;
			};
			name = Release;
		};
/* End XCBuildConfiguration section */

/* Begin XCConfigurationList section */
		09833BAB2B9983AC0081E37E /* Build configuration list for PBXProject "Yakssok" */ = {
			isa = XCConfigurationList;
			buildConfigurations = (
				09833BC22B9983AE0081E37E /* Debug */,
				09833BC32B9983AE0081E37E /* Release */,
			);
			defaultConfigurationIsVisible = 0;
			defaultConfigurationName = Release;
		};
		09833BC42B9983AE0081E37E /* Build configuration list for PBXNativeTarget "Yakssok" */ = {
			isa = XCConfigurationList;
			buildConfigurations = (
				09833BC52B9983AE0081E37E /* Debug */,
				09833BC62B9983AE0081E37E /* Release */,
			);
			defaultConfigurationIsVisible = 0;
			defaultConfigurationName = Release;
		};
/* End XCConfigurationList section */

/* Begin XCRemoteSwiftPackageReference section */
		09833BD42B99A0390081E37E /* XCRemoteSwiftPackageReference "Charts" */ = {
			isa = XCRemoteSwiftPackageReference;
			repositoryURL = "https://github.com/danielgindi/Charts.git";
			requirement = {
				kind = upToNextMajorVersion;
				minimumVersion = 5.1.0;
			};
		};
		09833BD72B99A0420081E37E /* XCRemoteSwiftPackageReference "SnapKit" */ = {
			isa = XCRemoteSwiftPackageReference;
			repositoryURL = "https://github.com/SnapKit/SnapKit.git";
			requirement = {
				kind = upToNextMajorVersion;
				minimumVersion = 5.7.1;
			};
		};
		09833BDA2B99A04A0081E37E /* XCRemoteSwiftPackageReference "Kingfisher" */ = {
			isa = XCRemoteSwiftPackageReference;
			repositoryURL = "https://github.com/onevcat/Kingfisher.git";
			requirement = {
				kind = upToNextMajorVersion;
				minimumVersion = 7.11.0;
			};
		};
		09833BDD2B99A0520081E37E /* XCRemoteSwiftPackageReference "Toast-Swift" */ = {
			isa = XCRemoteSwiftPackageReference;
			repositoryURL = "https://github.com/scalessec/Toast-Swift.git";
			requirement = {
				kind = upToNextMajorVersion;
				minimumVersion = 5.1.0;
			};
		};
		09833BE02B99A05D0081E37E /* XCRemoteSwiftPackageReference "Alamofire" */ = {
			isa = XCRemoteSwiftPackageReference;
			repositoryURL = "https://github.com/Alamofire/Alamofire.git";
			requirement = {
				kind = upToNextMajorVersion;
				minimumVersion = 5.9.0;
			};
		};
		09833BE32B99A09D0081E37E /* XCRemoteSwiftPackageReference "realm-swift" */ = {
			isa = XCRemoteSwiftPackageReference;
			repositoryURL = "https://github.com/realm/realm-swift.git";
			requirement = {
				kind = exactVersion;
				version = 10.47.0;
			};
		};
		09833BE82B99A0A90081E37E /* XCRemoteSwiftPackageReference "FSCalendar" */ = {
			isa = XCRemoteSwiftPackageReference;
			repositoryURL = "https://github.com/WenchaoD/FSCalendar.git";
			requirement = {
				kind = upToNextMajorVersion;
				minimumVersion = 2.8.4;
			};
		};
		09C157082B9C87510008F86E /* XCRemoteSwiftPackageReference "Tabman" */ = {
			isa = XCRemoteSwiftPackageReference;
			repositoryURL = "https://github.com/uias/Tabman.git";
			requirement = {
				kind = upToNextMajorVersion;
				minimumVersion = 3.0.2;
			};
		};
/* End XCRemoteSwiftPackageReference section */

/* Begin XCSwiftPackageProductDependency section */
		09833BD52B99A0390081E37E /* DGCharts */ = {
			isa = XCSwiftPackageProductDependency;
			package = 09833BD42B99A0390081E37E /* XCRemoteSwiftPackageReference "Charts" */;
			productName = DGCharts;
		};
		09833BD82B99A0420081E37E /* SnapKit */ = {
			isa = XCSwiftPackageProductDependency;
			package = 09833BD72B99A0420081E37E /* XCRemoteSwiftPackageReference "SnapKit" */;
			productName = SnapKit;
		};
		09833BDB2B99A04A0081E37E /* Kingfisher */ = {
			isa = XCSwiftPackageProductDependency;
			package = 09833BDA2B99A04A0081E37E /* XCRemoteSwiftPackageReference "Kingfisher" */;
			productName = Kingfisher;
		};
		09833BDE2B99A0520081E37E /* Toast */ = {
			isa = XCSwiftPackageProductDependency;
			package = 09833BDD2B99A0520081E37E /* XCRemoteSwiftPackageReference "Toast-Swift" */;
			productName = Toast;
		};
		09833BE12B99A05D0081E37E /* Alamofire */ = {
			isa = XCSwiftPackageProductDependency;
			package = 09833BE02B99A05D0081E37E /* XCRemoteSwiftPackageReference "Alamofire" */;
			productName = Alamofire;
		};
		09833BE42B99A09D0081E37E /* Realm */ = {
			isa = XCSwiftPackageProductDependency;
			package = 09833BE32B99A09D0081E37E /* XCRemoteSwiftPackageReference "realm-swift" */;
			productName = Realm;
		};
		09833BE62B99A09D0081E37E /* RealmSwift */ = {
			isa = XCSwiftPackageProductDependency;
			package = 09833BE32B99A09D0081E37E /* XCRemoteSwiftPackageReference "realm-swift" */;
			productName = RealmSwift;
		};
		09833BE92B99A0A90081E37E /* FSCalendar */ = {
			isa = XCSwiftPackageProductDependency;
			package = 09833BE82B99A0A90081E37E /* XCRemoteSwiftPackageReference "FSCalendar" */;
			productName = FSCalendar;
		};
		09C157092B9C87510008F86E /* Tabman */ = {
			isa = XCSwiftPackageProductDependency;
			package = 09C157082B9C87510008F86E /* XCRemoteSwiftPackageReference "Tabman" */;
			productName = Tabman;
		};
/* End XCSwiftPackageProductDependency section */
	};
	rootObject = 09833BA82B9983AC0081E37E /* Project object */;
}
